{"format_version":"1.0","provider_schemas":{"registry.terraform.io/grafana/grafana":{"provider":{"version":0,"block":{"attributes":{"auth":{"type":"string","description":"API token, basic auth in the `username:password` format or `anonymous` (string literal). May alternatively be set via the `GRAFANA_AUTH` environment variable.","description_kind":"markdown","optional":true,"sensitive":true},"ca_cert":{"type":"string","description":"Certificate CA bundle to use to verify the Grafana server's certificate. May alternatively be set via the `GRAFANA_CA_CERT` environment variable.","description_kind":"markdown","optional":true},"cloud_api_key":{"type":"string","description":"API key for Grafana Cloud. May alternatively be set via the `GRAFANA_CLOUD_API_KEY` environment variable.","description_kind":"markdown","optional":true,"sensitive":true},"cloud_api_url":{"type":"string","description":"Grafana Cloud's API URL. May alternatively be set via the `GRAFANA_CLOUD_API_URL` environment variable.","description_kind":"markdown","optional":true},"http_headers":{"type":["map","string"],"description":"Optional. HTTP headers mapping keys to values used for accessing the Grafana and Grafana Cloud APIs. May alternatively be set via the `GRAFANA_HTTP_HEADERS` environment variable in JSON format.","description_kind":"markdown","optional":true,"sensitive":true},"insecure_skip_verify":{"type":"bool","description":"Skip TLS certificate verification. May alternatively be set via the `GRAFANA_INSECURE_SKIP_VERIFY` environment variable.","description_kind":"markdown","optional":true},"oncall_access_token":{"type":"string","description":"A Grafana OnCall access token. May alternatively be set via the `GRAFANA_ONCALL_ACCESS_TOKEN` environment variable.","description_kind":"markdown","optional":true,"sensitive":true},"oncall_url":{"type":"string","description":"An Grafana OnCall backend address. May alternatively be set via the `GRAFANA_ONCALL_URL` environment variable.","description_kind":"markdown","optional":true},"org_id":{"type":"number","description":"The default organization id to operate on within grafana. For resources that have an `org_id` attribute, the resource-level attribute has priority. May alternatively be set via the `GRAFANA_ORG_ID` environment variable.","description_kind":"markdown","optional":true},"retries":{"type":"number","description":"The amount of retries to use for Grafana API and Grafana Cloud API calls. May alternatively be set via the `GRAFANA_RETRIES` environment variable.","description_kind":"markdown","optional":true},"sm_access_token":{"type":"string","description":"A Synthetic Monitoring access token. May alternatively be set via the `GRAFANA_SM_ACCESS_TOKEN` environment variable.","description_kind":"markdown","optional":true,"sensitive":true},"sm_url":{"type":"string","description":"Synthetic monitoring backend address. May alternatively be set via the `GRAFANA_SM_URL` environment variable. The correct value for each service region is cited in the [Synthetic Monitoring documentation](https://grafana.com/docs/grafana-cloud/synthetic-monitoring/private-probes/#probe-api-server-url). Note the `sm_url` value is optional, but it must correspond with the value specified as the `region_slug` in the `grafana_cloud_stack` resource. Also note that when a Terraform configuration contains multiple provider instances managing SM resources associated with the same Grafana stack, specifying an explicit `sm_url` set to the same value for each provider ensures all providers interact with the same SM API.","description_kind":"markdown","optional":true},"store_dashboard_sha256":{"type":"bool","description":"Set to true if you want to save only the sha256sum instead of complete dashboard model JSON in the tfstate.","description_kind":"markdown","optional":true},"tls_cert":{"type":"string","description":"Client TLS certificate file to use to authenticate to the Grafana server. May alternatively be set via the `GRAFANA_TLS_CERT` environment variable.","description_kind":"markdown","optional":true},"tls_key":{"type":"string","description":"Client TLS key file to use to authenticate to the Grafana server. May alternatively be set via the `GRAFANA_TLS_KEY` environment variable.","description_kind":"markdown","optional":true},"url":{"type":"string","description":"The root URL of a Grafana server. May alternatively be set via the `GRAFANA_URL` environment variable.","description_kind":"markdown","optional":true}},"description_kind":"plain"}},"resource_schemas":{"grafana_alert_notification":{"version":0,"block":{"attributes":{"disable_resolve_message":{"type":"bool","description":"Whether to disable sending resolve messages. Defaults to `false`.","description_kind":"markdown","optional":true},"frequency":{"type":"string","description":"Frequency of alert reminders. Frequency must be set if reminders are enabled. Defaults to ``.","description_kind":"markdown","optional":true},"id":{"type":"string","description_kind":"plain","optional":true,"computed":true},"is_default":{"type":"bool","description":"Is this the default channel for all your alerts. Defaults to `false`.","description_kind":"markdown","optional":true},"name":{"type":"string","description":"The name of the alert notification channel.","description_kind":"markdown","required":true},"secure_settings":{"type":["map","string"],"description":"Additional secure settings, for full reference lookup [Grafana Supported Settings documentation](https://grafana.com/docs/grafana/latest/administration/provisioning/#supported-settings).","description_kind":"markdown","optional":true,"sensitive":true},"send_reminder":{"type":"bool","description":"Whether to send reminders for triggered alerts. Defaults to `false`.","description_kind":"markdown","optional":true},"settings":{"type":["map","string"],"description":"Additional settings, for full reference see [Grafana HTTP API documentation](https://grafana.com/docs/grafana/latest/developers/http_api/alerting_notification_channels/).","description_kind":"markdown","optional":true},"type":{"type":"string","description":"The type of the alert notification channel.","description_kind":"markdown","required":true},"uid":{"type":"string","description":"Unique identifier. If unset, this will be automatically generated.","description_kind":"markdown","optional":true,"computed":true}},"description":"\nThis resource is used to configure the legacy alerting system which has been replaced by the [unified alerting system](https://grafana.com/docs/grafana/latest/alerting/) in Grafana 9+. See resources in the [Alerting section](https://registry.terraform.io/providers/grafana/grafana/latest/docs) for info on how to configure alerting with Terraform.\n* [HTTP API](https://grafana.com/docs/grafana/latest/developers/http_api/alerting_notification_channels/)\n","description_kind":"markdown","deprecated":true}},"grafana_annotation":{"version":0,"block":{"attributes":{"dashboard_id":{"type":"number","description":"The ID of the dashboard on which to create the annotation.","description_kind":"markdown","optional":true},"id":{"type":"string","description_kind":"plain","optional":true,"computed":true},"panel_id":{"type":"number","description":"The ID of the dashboard panel on which to create the annotation.","description_kind":"markdown","optional":true},"tags":{"type":["set","string"],"description":"The tags to associate with the annotation.","description_kind":"markdown","optional":true},"text":{"type":"string","description":"The text to associate with the annotation.","description_kind":"markdown","required":true},"time":{"type":"string","description":"The RFC 3339-formatted time string indicating the annotation's time.","description_kind":"markdown","optional":true,"computed":true},"time_end":{"type":"string","description":"The RFC 3339-formatted time string indicating the annotation's end time.","description_kind":"markdown","optional":true,"computed":true}},"description":"\n* [Official documentation](https://grafana.com/docs/grafana/latest/dashboards/build-dashboards/annotate-visualizations/)\n* [HTTP API](https://grafana.com/docs/grafana/latest/developers/http_api/annotations/)\n","description_kind":"markdown"}},"grafana_api_key":{"version":0,"block":{"attributes":{"cloud_stack_slug":{"type":"string","description":"Deprecated: Use the `grafana_cloud_stack_api_key` resource instead","description_kind":"markdown","deprecated":true,"optional":true},"expiration":{"type":"string","description_kind":"plain","computed":true},"id":{"type":"string","description_kind":"plain","computed":true},"key":{"type":"string","description_kind":"plain","computed":true,"sensitive":true},"name":{"type":"string","description_kind":"plain","required":true},"org_id":{"type":"string","description":"The Organization ID. If not set, the Org ID defined in the provider block will be used.","description_kind":"markdown","optional":true},"role":{"type":"string","description_kind":"plain","required":true},"seconds_to_live":{"type":"number","description_kind":"plain","optional":true}},"description":"\nManages Grafana API Keys.\n\n* [HTTP API](https://grafana.com/docs/grafana/latest/developers/http_api/auth/)\n","description_kind":"markdown"}},"grafana_builtin_role_assignment":{"version":0,"block":{"attributes":{"builtin_role":{"type":"string","description":"Organization roles (`Viewer`, `Editor`, `Admin`) or `Grafana Admin` to assign the roles to.","description_kind":"markdown","required":true},"id":{"type":"string","description_kind":"plain","optional":true,"computed":true}},"block_types":{"roles":{"nesting_mode":"set","block":{"attributes":{"global":{"type":"bool","description":"States whether the assignment is available across all organizations or not. Defaults to `false`.","description_kind":"markdown","optional":true},"uid":{"type":"string","description":"Unique identifier of the role to assign to `builtin_role`.","description_kind":"markdown","required":true}},"description":"Fixed or custom roles which provide granular access for specific resources within Grafana.","description_kind":"markdown"},"min_items":1}},"description":"\n**Note:** This resource is going to be deprecated with Grafana 9.+, please use [grafana_role](https://registry.terraform.io/providers/grafana/grafana/latest/docs/resources/role) instead.\n**Note:** This resource is available only with Grafana Enterprise 8.+.\n\n* [Official documentation](https://grafana.com/docs/grafana/latest/administration/roles-and-permissions/access-control/)\n* [HTTP API](https://grafana.com/docs/grafana/latest/developers/http_api/access_control/)\n","description_kind":"markdown","deprecated":true}},"grafana_cloud_access_policy":{"version":0,"block":{"attributes":{"created_at":{"type":"string","description":"Creation date of the access policy.","description_kind":"markdown","computed":true},"display_name":{"type":"string","description":"Display name of the access policy. Defaults to the name.","description_kind":"markdown","optional":true},"id":{"type":"string","description_kind":"plain","optional":true,"computed":true},"name":{"type":"string","description":"Name of the access policy.","description_kind":"markdown","required":true},"policy_id":{"type":"string","description":"ID of the access policy.","description_kind":"markdown","computed":true},"region":{"type":"string","description":"Region where the API is deployed. Generally where the stack is deployed. Use the region list API to get the list of available regions: https://grafana.com/docs/grafana-cloud/reference/cloud-api/#list-regions.","description_kind":"markdown","required":true},"scopes":{"type":["set","string"],"description":"Scopes of the access policy. See https://grafana.com/docs/grafana-cloud/authentication-and-permissions/access-policies/#scopes for possible values.","description_kind":"markdown","required":true},"updated_at":{"type":"string","description":"Last update date of the access policy.","description_kind":"markdown","computed":true}},"block_types":{"realm":{"nesting_mode":"set","block":{"attributes":{"identifier":{"type":"string","description":"The identifier of the org or stack. For orgs, this is the slug, for stacks, this is the stack ID.","description_kind":"markdown","required":true},"type":{"type":"string","description":"Whether a policy applies to a Cloud org or a specific stack. Should be one of `org` or `stack`.","description_kind":"markdown","required":true}},"block_types":{"label_policy":{"nesting_mode":"set","block":{"attributes":{"selector":{"type":"string","description":"The label selector to match in metrics or logs query. Should be in PromQL or LogQL format.","description_kind":"markdown","required":true}},"description_kind":"plain"}}},"description_kind":"plain"},"min_items":1}},"description":"\n* [Official documentation](https://grafana.com/docs/grafana-cloud/authentication-and-permissions/access-policies/)\n* [API documentation](https://grafana.com/docs/grafana-cloud/reference/cloud-api/#create-an-access-policy)\n","description_kind":"markdown"}},"grafana_cloud_access_policy_token":{"version":0,"block":{"attributes":{"access_policy_id":{"type":"string","description":"ID of the access policy for which to create a token.","description_kind":"markdown","required":true},"created_at":{"type":"string","description":"Creation date of the access policy token.","description_kind":"markdown","computed":true},"display_name":{"type":"string","description":"Display name of the access policy token. Defaults to the name.","description_kind":"markdown","optional":true},"expires_at":{"type":"string","description":"Expiration date of the access policy token. Does not expire by default.","description_kind":"markdown","optional":true},"id":{"type":"string","description_kind":"plain","optional":true,"computed":true},"name":{"type":"string","description":"Name of the access policy token.","description_kind":"markdown","required":true},"region":{"type":"string","description":"Region of the access policy. Should be set to the same region as the access policy. Use the region list API to get the list of available regions: https://grafana.com/docs/grafana-cloud/reference/cloud-api/#list-regions.","description_kind":"markdown","required":true},"token":{"type":"string","description_kind":"plain","computed":true,"sensitive":true},"updated_at":{"type":"string","description":"Last update date of the access policy token.","description_kind":"markdown","computed":true}},"description":"\n* [Official documentation](https://grafana.com/docs/grafana-cloud/authentication-and-permissions/access-policies/)\n* [API documentation](https://grafana.com/docs/grafana-cloud/reference/cloud-api/#create-a-token)\n","description_kind":"markdown"}},"grafana_cloud_api_key":{"version":0,"block":{"attributes":{"cloud_org_slug":{"type":"string","description":"The slug of the organization to create the API key in. This is the same slug as the organization name in the URL.","description_kind":"markdown","required":true},"id":{"type":"string","description_kind":"plain","optional":true,"computed":true},"key":{"type":"string","description":"The generated API key.","description_kind":"markdown","computed":true,"sensitive":true},"name":{"type":"string","description":"Name of the API key.","description_kind":"markdown","required":true},"role":{"type":"string","description":"Role of the API key. Should be one of [Viewer Editor Admin MetricsPublisher PluginPublisher]. See https://grafana.com/docs/grafana-cloud/api/#create-api-key for details.","description_kind":"markdown","required":true}},"description":"Manages a single API key on the Grafana Cloud portal (on the organization level)\n* [API documentation](https://grafana.com/docs/grafana-cloud/reference/cloud-api/#api-keys)\n","description_kind":"markdown"}},"grafana_cloud_plugin_installation":{"version":0,"block":{"attributes":{"id":{"type":"string","description_kind":"plain","optional":true,"computed":true},"slug":{"type":"string","description":"Slug of the plugin to be installed.","description_kind":"markdown","required":true},"stack_slug":{"type":"string","description":"The stack id to which the plugin should be installed.","description_kind":"markdown","required":true},"version":{"type":"string","description":"Version of the plugin to be installed.","description_kind":"markdown","required":true}},"description":"\nManages Grafana Cloud Plugin Installations.\n\n* [Plugin Catalog](https://grafana.com/grafana/plugins/)\n","description_kind":"markdown"}},"grafana_cloud_stack":{"version":0,"block":{"attributes":{"alertmanager_name":{"type":"string","description":"Name of the Alertmanager instance configured for this stack.","description_kind":"markdown","computed":true},"alertmanager_status":{"type":"string","description":"Status of the Alertmanager instance configured for this stack.","description_kind":"markdown","computed":true},"alertmanager_url":{"type":"string","description":"Base URL of the Alertmanager instance configured for this stack.","description_kind":"markdown","computed":true},"alertmanager_user_id":{"type":"number","description":"User ID of the Alertmanager instance configured for this stack.","description_kind":"markdown","computed":true},"description":{"type":"string","description":"Description of stack.","description_kind":"markdown","optional":true},"graphite_name":{"type":"string","description_kind":"plain","computed":true},"graphite_status":{"type":"string","description_kind":"plain","computed":true},"graphite_url":{"type":"string","description_kind":"plain","computed":true},"graphite_user_id":{"type":"number","description_kind":"plain","computed":true},"id":{"type":"string","description":"The stack id assigned to this stack by Grafana.","description_kind":"markdown","computed":true},"logs_name":{"type":"string","description_kind":"plain","computed":true},"logs_status":{"type":"string","description_kind":"plain","computed":true},"logs_url":{"type":"string","description_kind":"plain","computed":true},"logs_user_id":{"type":"number","description_kind":"plain","computed":true},"name":{"type":"string","description":"Name of stack. Conventionally matches the url of the instance (e.g. “\u003cstack_slug\u003e.grafana.net”).","description_kind":"markdown","required":true},"org_id":{"type":"number","description":"Organization id to assign to this stack.","description_kind":"markdown","computed":true},"org_name":{"type":"string","description":"Organization name to assign to this stack.","description_kind":"markdown","computed":true},"org_slug":{"type":"string","description":"Organization slug to assign to this stack.","description_kind":"markdown","computed":true},"prometheus_name":{"type":"string","description":"Prometheus name for this instance.","description_kind":"markdown","computed":true},"prometheus_remote_endpoint":{"type":"string","description":"Use this URL to query hosted metrics data e.g. Prometheus data source in Grafana","description_kind":"markdown","computed":true},"prometheus_remote_write_endpoint":{"type":"string","description":"Use this URL to send prometheus metrics to Grafana cloud","description_kind":"markdown","computed":true},"prometheus_status":{"type":"string","description":"Prometheus status for this instance.","description_kind":"markdown","computed":true},"prometheus_url":{"type":"string","description":"Prometheus url for this instance.","description_kind":"markdown","computed":true},"prometheus_user_id":{"type":"number","description":"Prometheus user ID. Used for e.g. remote_write.","description_kind":"markdown","computed":true},"region_slug":{"type":"string","description":"Region slug to assign to this stack. Changing region will destroy the existing stack and create a new one in the desired region. Use the region list API to get the list of available regions: https://grafana.com/docs/grafana-cloud/reference/cloud-api/#list-regions.","description_kind":"markdown","optional":true},"slug":{"type":"string","description":"Subdomain that the Grafana instance will be available at (i.e. setting slug to “\u003cstack_slug\u003e” will make the instance\navailable at “https://\u003cstack_slug\u003e.grafana.net\".","description_kind":"markdown","required":true},"status":{"type":"string","description":"Status of the stack.","description_kind":"markdown","computed":true},"traces_name":{"type":"string","description_kind":"plain","computed":true},"traces_status":{"type":"string","description_kind":"plain","computed":true},"traces_url":{"type":"string","description_kind":"plain","computed":true},"traces_user_id":{"type":"number","description_kind":"plain","computed":true},"url":{"type":"string","description":"Custom URL for the Grafana instance. Must have a CNAME setup to point to `.grafana.net` before creating the stack","description_kind":"markdown","optional":true,"computed":true},"wait_for_readiness":{"type":"bool","description":"Whether to wait for readiness of the stack after creating it. The check is a HEAD request to the stack URL (Grafana instance). Defaults to `true`.","description_kind":"markdown","optional":true},"wait_for_readiness_timeout":{"type":"string","description":"How long to wait for readiness (if enabled). Defaults to `5m0s`.","description_kind":"markdown","optional":true}},"description":"\n* [Official documentation](https://grafana.com/docs/grafana-cloud/reference/cloud-api/#stacks/)\n","description_kind":"markdown"}},"grafana_cloud_stack_api_key":{"version":0,"block":{"attributes":{"expiration":{"type":"string","description_kind":"plain","computed":true},"id":{"type":"string","description_kind":"plain","computed":true},"key":{"type":"string","description_kind":"plain","computed":true,"sensitive":true},"name":{"type":"string","description_kind":"plain","required":true},"role":{"type":"string","description_kind":"plain","required":true},"seconds_to_live":{"type":"number","description_kind":"plain","optional":true},"stack_slug":{"type":"string","description_kind":"plain","required":true}},"description":"\nManages API keys of a Grafana Cloud stack using the Cloud API\nThis can be used to bootstrap a management API key for a new stack\n\n* [HTTP API](https://grafana.com/docs/grafana/latest/developers/http_api/auth/)\n","description_kind":"markdown"}},"grafana_contact_point":{"version":0,"block":{"attributes":{"id":{"type":"string","description_kind":"plain","optional":true,"computed":true},"name":{"type":"string","description":"The name of the contact point.","description_kind":"markdown","required":true}},"block_types":{"alertmanager":{"nesting_mode":"list","block":{"attributes":{"basic_auth_password":{"type":"string","description":"The password component of the basic auth credentials to use.","description_kind":"markdown","optional":true,"sensitive":true},"basic_auth_user":{"type":"string","description":"The username component of the basic auth credentials to use.","description_kind":"markdown","optional":true},"disable_resolve_message":{"type":"bool","description":"Whether to disable sending resolve messages. Defaults to `false`.","description_kind":"markdown","optional":true},"settings":{"type":["map","string"],"description":"Additional custom properties to attach to the notifier. Defaults to `map[]`.","description_kind":"markdown","optional":true,"sensitive":true},"uid":{"type":"string","description":"The UID of the contact point.","description_kind":"markdown","computed":true},"url":{"type":"string","description":"The URL of the Alertmanager instance.","description_kind":"markdown","required":true}},"description":"A contact point that sends notifications to other Alertmanager instances.","description_kind":"markdown"}},"dingding":{"nesting_mode":"list","block":{"attributes":{"disable_resolve_message":{"type":"bool","description":"Whether to disable sending resolve messages. Defaults to `false`.","description_kind":"markdown","optional":true},"message":{"type":"string","description":"The templated content of the message.","description_kind":"markdown","optional":true},"message_type":{"type":"string","description":"The format of message to send - either 'link' or 'actionCard'","description_kind":"markdown","optional":true},"settings":{"type":["map","string"],"description":"Additional custom properties to attach to the notifier. Defaults to `map[]`.","description_kind":"markdown","optional":true,"sensitive":true},"uid":{"type":"string","description":"The UID of the contact point.","description_kind":"markdown","computed":true},"url":{"type":"string","description":"The DingDing webhook URL.","description_kind":"markdown","required":true}},"description":"A contact point that sends notifications to DingDing.","description_kind":"markdown"}},"discord":{"nesting_mode":"list","block":{"attributes":{"avatar_url":{"type":"string","description":"The URL of a custom avatar image to use. Defaults to ``.","description_kind":"markdown","optional":true},"disable_resolve_message":{"type":"bool","description":"Whether to disable sending resolve messages. Defaults to `false`.","description_kind":"markdown","optional":true},"message":{"type":"string","description":"The templated content of the message. Defaults to ``.","description_kind":"markdown","optional":true},"settings":{"type":["map","string"],"description":"Additional custom properties to attach to the notifier. Defaults to `map[]`.","description_kind":"markdown","optional":true,"sensitive":true},"uid":{"type":"string","description":"The UID of the contact point.","description_kind":"markdown","computed":true},"url":{"type":"string","description":"The discord webhook URL.","description_kind":"markdown","required":true,"sensitive":true},"use_discord_username":{"type":"bool","description":"Whether to use the bot account's plain username instead of \"Grafana.\" Defaults to `false`.","description_kind":"markdown","optional":true}},"description":"A contact point that sends notifications as Discord messages","description_kind":"markdown"}},"email":{"nesting_mode":"list","block":{"attributes":{"addresses":{"type":["list","string"],"description":"The addresses to send emails to.","description_kind":"markdown","required":true},"disable_resolve_message":{"type":"bool","description":"Whether to disable sending resolve messages. Defaults to `false`.","description_kind":"markdown","optional":true},"message":{"type":"string","description":"The templated content of the email. Defaults to ``.","description_kind":"markdown","optional":true},"settings":{"type":["map","string"],"description":"Additional custom properties to attach to the notifier. Defaults to `map[]`.","description_kind":"markdown","optional":true,"sensitive":true},"single_email":{"type":"bool","description":"Whether to send a single email CC'ing all addresses, rather than a separate email to each address. Defaults to `false`.","description_kind":"markdown","optional":true},"subject":{"type":"string","description":"The templated subject line of the email. Defaults to ``.","description_kind":"markdown","optional":true},"uid":{"type":"string","description":"The UID of the contact point.","description_kind":"markdown","computed":true}},"description":"A contact point that sends notifications to an email address.","description_kind":"markdown"}},"googlechat":{"nesting_mode":"list","block":{"attributes":{"disable_resolve_message":{"type":"bool","description":"Whether to disable sending resolve messages. Defaults to `false`.","description_kind":"markdown","optional":true},"message":{"type":"string","description":"The templated content of the message.","description_kind":"markdown","optional":true},"settings":{"type":["map","string"],"description":"Additional custom properties to attach to the notifier. Defaults to `map[]`.","description_kind":"markdown","optional":true,"sensitive":true},"uid":{"type":"string","description":"The UID of the contact point.","description_kind":"markdown","computed":true},"url":{"type":"string","description":"The Google Chat webhook URL.","description_kind":"markdown","required":true,"sensitive":true}},"description":"A contact point that sends notifications to Google Chat.","description_kind":"markdown"}},"kafka":{"nesting_mode":"list","block":{"attributes":{"disable_resolve_message":{"type":"bool","description":"Whether to disable sending resolve messages. Defaults to `false`.","description_kind":"markdown","optional":true},"rest_proxy_url":{"type":"string","description":"The URL of the Kafka REST proxy to send requests to.","description_kind":"markdown","required":true,"sensitive":true},"settings":{"type":["map","string"],"description":"Additional custom properties to attach to the notifier. Defaults to `map[]`.","description_kind":"markdown","optional":true,"sensitive":true},"topic":{"type":"string","description":"The name of the Kafka topic to publish to.","description_kind":"markdown","required":true},"uid":{"type":"string","description":"The UID of the contact point.","description_kind":"markdown","computed":true}},"description":"A contact point that publishes notifications to Apache Kafka topics.","description_kind":"markdown"}},"opsgenie":{"nesting_mode":"list","block":{"attributes":{"api_key":{"type":"string","description":"The OpsGenie API key to use.","description_kind":"markdown","required":true,"sensitive":true},"auto_close":{"type":"bool","description":"Whether to auto-close alerts in OpsGenie when they resolve in the Alertmanager.","description_kind":"markdown","optional":true},"description":{"type":"string","description":"A templated high-level description to use for the alert.","description_kind":"markdown","optional":true},"disable_resolve_message":{"type":"bool","description":"Whether to disable sending resolve messages. Defaults to `false`.","description_kind":"markdown","optional":true},"message":{"type":"string","description":"The templated content of the message.","description_kind":"markdown","optional":true},"override_priority":{"type":"bool","description":"Whether to allow the alert priority to be configured via the value of the `og_priority` annotation on the alert.","description_kind":"markdown","optional":true},"send_tags_as":{"type":"string","description":"Whether to send annotations to OpsGenie as Tags, Details, or both. Supported values are `tags`, `details`, `both`, or empty to use the default behavior of Tags.","description_kind":"markdown","optional":true},"settings":{"type":["map","string"],"description":"Additional custom properties to attach to the notifier. Defaults to `map[]`.","description_kind":"markdown","optional":true,"sensitive":true},"uid":{"type":"string","description":"The UID of the contact point.","description_kind":"markdown","computed":true},"url":{"type":"string","description":"Allows customization of the OpsGenie API URL.","description_kind":"markdown","optional":true}},"description":"A contact point that sends notifications to OpsGenie.","description_kind":"markdown"}},"pagerduty":{"nesting_mode":"list","block":{"attributes":{"class":{"type":"string","description":"The class or type of event, for example `ping failure`.","description_kind":"markdown","optional":true},"component":{"type":"string","description":"The component being affected by the event.","description_kind":"markdown","optional":true},"disable_resolve_message":{"type":"bool","description":"Whether to disable sending resolve messages. Defaults to `false`.","description_kind":"markdown","optional":true},"group":{"type":"string","description":"The group to which the provided component belongs to.","description_kind":"markdown","optional":true},"integration_key":{"type":"string","description":"The PagerDuty API key.","description_kind":"markdown","required":true,"sensitive":true},"settings":{"type":["map","string"],"description":"Additional custom properties to attach to the notifier. Defaults to `map[]`.","description_kind":"markdown","optional":true,"sensitive":true},"severity":{"type":"string","description":"The PagerDuty event severity level. Default is `critical`.","description_kind":"markdown","optional":true},"summary":{"type":"string","description":"The templated summary message of the event.","description_kind":"markdown","optional":true},"uid":{"type":"string","description":"The UID of the contact point.","description_kind":"markdown","computed":true}},"description":"A contact point that sends notifications to PagerDuty.","description_kind":"markdown"}},"pushover":{"nesting_mode":"list","block":{"attributes":{"api_token":{"type":"string","description":"The Pushover API token.","description_kind":"markdown","required":true,"sensitive":true},"device":{"type":"string","description":"Comma-separated list of devices to which the event is associated.","description_kind":"markdown","optional":true},"disable_resolve_message":{"type":"bool","description":"Whether to disable sending resolve messages. Defaults to `false`.","description_kind":"markdown","optional":true},"expire":{"type":"number","description":"How many seconds for which the notification will continue to be retried by Pushover.","description_kind":"markdown","optional":true},"message":{"type":"string","description":"The templated notification message content.","description_kind":"markdown","optional":true},"ok_priority":{"type":"number","description":"The priority level of the resolved event.","description_kind":"markdown","optional":true},"ok_sound":{"type":"string","description":"The sound associated with the resolved notification.","description_kind":"markdown","optional":true},"priority":{"type":"number","description":"The priority level of the event.","description_kind":"markdown","optional":true},"retry":{"type":"number","description":"How often, in seconds, the Pushover servers will send the same notification to the user.","description_kind":"markdown","optional":true},"settings":{"type":["map","string"],"description":"Additional custom properties to attach to the notifier. Defaults to `map[]`.","description_kind":"markdown","optional":true,"sensitive":true},"sound":{"type":"string","description":"The sound associated with the notification.","description_kind":"markdown","optional":true},"uid":{"type":"string","description":"The UID of the contact point.","description_kind":"markdown","computed":true},"user_key":{"type":"string","description":"The Pushover user key.","description_kind":"markdown","required":true,"sensitive":true}},"description":"A contact point that sends notifications to Pushover.","description_kind":"markdown"}},"sensugo":{"nesting_mode":"list","block":{"attributes":{"api_key":{"type":"string","description":"The SensuGo API key.","description_kind":"markdown","required":true,"sensitive":true},"check":{"type":"string","description":"The SensuGo check to which the event should be routed.","description_kind":"markdown","optional":true},"disable_resolve_message":{"type":"bool","description":"Whether to disable sending resolve messages. Defaults to `false`.","description_kind":"markdown","optional":true},"entity":{"type":"string","description":"The entity being monitored.","description_kind":"markdown","optional":true},"handler":{"type":"string","description":"A custom handler to execute in addition to the check.","description_kind":"markdown","optional":true},"message":{"type":"string","description":"Templated message content describing the alert.","description_kind":"markdown","optional":true},"namespace":{"type":"string","description":"The namespace in which the check resides.","description_kind":"markdown","optional":true},"settings":{"type":["map","string"],"description":"Additional custom properties to attach to the notifier. Defaults to `map[]`.","description_kind":"markdown","optional":true,"sensitive":true},"uid":{"type":"string","description":"The UID of the contact point.","description_kind":"markdown","computed":true},"url":{"type":"string","description":"The SensuGo URL to send requests to.","description_kind":"markdown","required":true}},"description":"A contact point that sends notifications to SensuGo.","description_kind":"markdown"}},"slack":{"nesting_mode":"list","block":{"attributes":{"disable_resolve_message":{"type":"bool","description":"Whether to disable sending resolve messages. Defaults to `false`.","description_kind":"markdown","optional":true},"endpoint_url":{"type":"string","description":"Use this to override the Slack API endpoint URL to send requests to.","description_kind":"markdown","optional":true},"icon_emoji":{"type":"string","description":"The name of a Slack workspace emoji to use as the bot icon.","description_kind":"markdown","optional":true},"icon_url":{"type":"string","description":"A URL of an image to use as the bot icon.","description_kind":"markdown","optional":true},"mention_channel":{"type":"string","description":"Describes how to ping the slack channel that messages are being sent to. Options are `here` for an @here ping, `channel` for @channel, or empty for no ping.","description_kind":"markdown","optional":true},"mention_groups":{"type":"string","description":"Comma-separated list of groups to mention in the message.","description_kind":"markdown","optional":true},"mention_users":{"type":"string","description":"Comma-separated list of users to mention in the message.","description_kind":"markdown","optional":true},"recipient":{"type":"string","description":"Channel, private group, or IM channel (can be an encoded ID or a name) to send messages to.","description_kind":"markdown","optional":true},"settings":{"type":["map","string"],"description":"Additional custom properties to attach to the notifier. Defaults to `map[]`.","description_kind":"markdown","optional":true,"sensitive":true},"text":{"type":"string","description":"Templated content of the message.","description_kind":"markdown","optional":true},"title":{"type":"string","description":"Templated title of the message.","description_kind":"markdown","optional":true},"token":{"type":"string","description":"A Slack API token,for sending messages directly without the webhook method.","description_kind":"markdown","optional":true,"sensitive":true},"uid":{"type":"string","description":"The UID of the contact point.","description_kind":"markdown","computed":true},"url":{"type":"string","description":"A Slack webhook URL,for sending messages via the webhook method.","description_kind":"markdown","optional":true,"sensitive":true},"username":{"type":"string","description":"Username for the bot to use.","description_kind":"markdown","optional":true}},"description":"A contact point that sends notifications to Slack.","description_kind":"markdown"}},"teams":{"nesting_mode":"list","block":{"attributes":{"disable_resolve_message":{"type":"bool","description":"Whether to disable sending resolve messages. Defaults to `false`.","description_kind":"markdown","optional":true},"message":{"type":"string","description":"The templated message content to send.","description_kind":"markdown","optional":true},"section_title":{"type":"string","description":"The templated subtitle for each message section.","description_kind":"markdown","optional":true},"settings":{"type":["map","string"],"description":"Additional custom properties to attach to the notifier. Defaults to `map[]`.","description_kind":"markdown","optional":true,"sensitive":true},"title":{"type":"string","description":"The templated title of the message.","description_kind":"markdown","optional":true},"uid":{"type":"string","description":"The UID of the contact point.","description_kind":"markdown","computed":true},"url":{"type":"string","description":"A Teams webhook URL.","description_kind":"markdown","required":true,"sensitive":true}},"description":"A contact point that sends notifications to Microsoft Teams.","description_kind":"markdown"}},"telegram":{"nesting_mode":"list","block":{"attributes":{"chat_id":{"type":"string","description":"The chat ID to send messages to.","description_kind":"markdown","required":true},"disable_resolve_message":{"type":"bool","description":"Whether to disable sending resolve messages. Defaults to `false`.","description_kind":"markdown","optional":true},"message":{"type":"string","description":"The templated content of the message.","description_kind":"markdown","optional":true},"settings":{"type":["map","string"],"description":"Additional custom properties to attach to the notifier. Defaults to `map[]`.","description_kind":"markdown","optional":true,"sensitive":true},"token":{"type":"string","description":"The Telegram bot token.","description_kind":"markdown","required":true,"sensitive":true},"uid":{"type":"string","description":"The UID of the contact point.","description_kind":"markdown","computed":true}},"description":"A contact point that sends notifications to Telegram.","description_kind":"markdown"}},"threema":{"nesting_mode":"list","block":{"attributes":{"api_secret":{"type":"string","description":"The Threema API key.","description_kind":"markdown","required":true,"sensitive":true},"disable_resolve_message":{"type":"bool","description":"Whether to disable sending resolve messages. Defaults to `false`.","description_kind":"markdown","optional":true},"gateway_id":{"type":"string","description":"The Threema gateway ID.","description_kind":"markdown","required":true},"recipient_id":{"type":"string","description":"The ID of the recipient of the message.","description_kind":"markdown","required":true},"settings":{"type":["map","string"],"description":"Additional custom properties to attach to the notifier. Defaults to `map[]`.","description_kind":"markdown","optional":true,"sensitive":true},"uid":{"type":"string","description":"The UID of the contact point.","description_kind":"markdown","computed":true}},"description":"A contact point that sends notifications to Threema.","description_kind":"markdown"}},"victorops":{"nesting_mode":"list","block":{"attributes":{"disable_resolve_message":{"type":"bool","description":"Whether to disable sending resolve messages. Defaults to `false`.","description_kind":"markdown","optional":true},"message_type":{"type":"string","description":"The VictorOps alert state - typically either `CRITICAL` or `RECOVERY`.","description_kind":"markdown","optional":true},"settings":{"type":["map","string"],"description":"Additional custom properties to attach to the notifier. Defaults to `map[]`.","description_kind":"markdown","optional":true,"sensitive":true},"uid":{"type":"string","description":"The UID of the contact point.","description_kind":"markdown","computed":true},"url":{"type":"string","description":"The VictorOps webhook URL.","description_kind":"markdown","required":true}},"description":"A contact point that sends notifications to VictorOps (now known as Splunk OnCall).","description_kind":"markdown"}},"webhook":{"nesting_mode":"list","block":{"attributes":{"authorization_credentials":{"type":"string","description":"Allows a custom authorization scheme - attaches an auth header with this value. Do not use in conjunction with basic auth parameters.","description_kind":"markdown","optional":true,"sensitive":true},"authorization_scheme":{"type":"string","description":"Allows a custom authorization scheme - attaches an auth header with this name. Do not use in conjunction with basic auth parameters.","description_kind":"markdown","optional":true},"basic_auth_password":{"type":"string","description":"The username to use in basic auth headers attached to the request. If omitted, basic auth will not be used.","description_kind":"markdown","optional":true,"sensitive":true},"basic_auth_user":{"type":"string","description":"The username to use in basic auth headers attached to the request. If omitted, basic auth will not be used.","description_kind":"markdown","optional":true},"disable_resolve_message":{"type":"bool","description":"Whether to disable sending resolve messages. Defaults to `false`.","description_kind":"markdown","optional":true},"http_method":{"type":"string","description":"The HTTP method to use in the request. Defaults to `POST`.","description_kind":"markdown","optional":true},"max_alerts":{"type":"number","description":"The maximum number of alerts to send in a single request. This can be helpful in limiting the size of the request body. The default is 0, which indicates no limit.","description_kind":"markdown","optional":true},"settings":{"type":["map","string"],"description":"Additional custom properties to attach to the notifier. Defaults to `map[]`.","description_kind":"markdown","optional":true,"sensitive":true},"uid":{"type":"string","description":"The UID of the contact point.","description_kind":"markdown","computed":true},"url":{"type":"string","description":"The URL to send webhook requests to.","description_kind":"markdown","required":true}},"description":"A contact point that sends notifications to an arbitrary webhook, using the Prometheus webhook format defined here: https://prometheus.io/docs/alerting/latest/configuration/#webhook_config","description_kind":"markdown"}},"wecom":{"nesting_mode":"list","block":{"attributes":{"disable_resolve_message":{"type":"bool","description":"Whether to disable sending resolve messages. Defaults to `false`.","description_kind":"markdown","optional":true},"message":{"type":"string","description":"The templated content of the message to send.","description_kind":"markdown","optional":true},"settings":{"type":["map","string"],"description":"Additional custom properties to attach to the notifier. Defaults to `map[]`.","description_kind":"markdown","optional":true,"sensitive":true},"title":{"type":"string","description":"The templated title of the message to send.","description_kind":"markdown","optional":true},"uid":{"type":"string","description":"The UID of the contact point.","description_kind":"markdown","computed":true},"url":{"type":"string","description":"The WeCom webhook URL.","description_kind":"markdown","required":true,"sensitive":true}},"description":"A contact point that sends notifications to WeCom.","description_kind":"markdown"}}},"description":"\nManages Grafana Alerting contact points.\n\n* [Official documentation](https://grafana.com/docs/grafana/next/alerting/fundamentals/contact-points/)\n* [HTTP API](https://grafana.com/docs/grafana/latest/developers/http_api/alerting_provisioning/#contact-points)\n\nThis resource requires Grafana 9.1.0 or later.\n","description_kind":"markdown"}},"grafana_dashboard":{"version":1,"block":{"attributes":{"config_json":{"type":"string","description":"The complete dashboard model JSON.","description_kind":"markdown","required":true},"dashboard_id":{"type":"number","description":"The numeric ID of the dashboard computed by Grafana.","description_kind":"markdown","computed":true},"folder":{"type":"string","description":"The id of the folder to save the dashboard in. This attribute is a string to reflect the type of the folder's id.","description_kind":"markdown","optional":true},"id":{"type":"string","description_kind":"plain","optional":true,"computed":true},"message":{"type":"string","description":"Set a commit message for the version history.","description_kind":"markdown","optional":true},"org_id":{"type":"string","description":"The Organization ID. If not set, the Org ID defined in the provider block will be used.","description_kind":"markdown","optional":true},"overwrite":{"type":"bool","description":"Set to true if you want to overwrite existing dashboard with newer version, same dashboard title in folder or same dashboard uid.","description_kind":"markdown","optional":true},"slug":{"type":"string","description":"URL friendly version of the dashboard title. This field is deprecated, please use `uid` instead.","description_kind":"markdown","deprecated":true,"computed":true},"uid":{"type":"string","description":"The unique identifier of a dashboard. This is used to construct its URL. It's automatically generated if not provided when creating a dashboard. The uid allows having consistent URLs for accessing dashboards and when syncing dashboards between multiple Grafana installs.","description_kind":"markdown","computed":true},"url":{"type":"string","description":"The full URL of the dashboard.","description_kind":"markdown","computed":true},"version":{"type":"number","description":"Whenever you save a version of your dashboard, a copy of that version is saved so that previous versions of your dashboard are not lost.","description_kind":"markdown","computed":true}},"description":"\nManages Grafana dashboards.\n\n* [Official documentation](https://grafana.com/docs/grafana/latest/dashboards/)\n* [HTTP API](https://grafana.com/docs/grafana/latest/developers/http_api/dashboard/)\n","description_kind":"markdown"}},"grafana_dashboard_permission":{"version":0,"block":{"attributes":{"dashboard_id":{"type":"number","description":"ID of the dashboard to apply permissions to. Deprecated: use `dashboard_uid` instead.","description_kind":"markdown","deprecated":true,"optional":true,"computed":true},"dashboard_uid":{"type":"string","description":"UID of the dashboard to apply permissions to.","description_kind":"markdown","optional":true,"computed":true},"id":{"type":"string","description_kind":"plain","optional":true,"computed":true}},"block_types":{"permissions":{"nesting_mode":"set","block":{"attributes":{"permission":{"type":"string","description":"Permission to associate with item. Must be one of `View`, `Edit`, or `Admin`.","description_kind":"markdown","required":true},"role":{"type":"string","description":"Manage permissions for `Viewer` or `Editor` roles.","description_kind":"markdown","optional":true},"team_id":{"type":"number","description":"ID of the team to manage permissions for. Defaults to `0`.","description_kind":"markdown","optional":true},"user_id":{"type":"number","description":"ID of the user to manage permissions for. Defaults to `0`.","description_kind":"markdown","optional":true}},"description":"The permission items to add/update. Items that are omitted from the list will be removed.","description_kind":"markdown"},"min_items":1}},"description":"\n* [Official documentation](https://grafana.com/docs/grafana/latest/administration/roles-and-permissions/access-control/)\n* [HTTP API](https://grafana.com/docs/grafana/latest/developers/http_api/dashboard_permissions/)\n","description_kind":"markdown"}},"grafana_data_source":{"version":1,"block":{"attributes":{"access_mode":{"type":"string","description":"The method by which Grafana will access the data source: `proxy` or `direct`. Defaults to `proxy`.","description_kind":"markdown","optional":true},"basic_auth_enabled":{"type":"bool","description":"Whether to enable basic auth for the data source. Defaults to `false`.","description_kind":"markdown","optional":true},"basic_auth_password":{"type":"string","description":"Use secure_json_data_encoded.basicAuthPassword instead. Defaults to ``.","description_kind":"markdown","deprecated":true,"optional":true,"sensitive":true},"basic_auth_username":{"type":"string","description":"Basic auth username. Defaults to ``.","description_kind":"markdown","optional":true},"database_name":{"type":"string","description":"(Required by some data source types) The name of the database to use on the selected data source server. Defaults to ``.","description_kind":"markdown","optional":true},"http_headers":{"type":["map","string"],"description":"Custom HTTP headers","description_kind":"markdown","optional":true,"sensitive":true},"id":{"type":"string","description_kind":"plain","optional":true,"computed":true},"is_default":{"type":"bool","description":"Whether to set the data source as default. This should only be `true` to a single data source. Defaults to `false`.","description_kind":"markdown","optional":true},"json_data_encoded":{"type":"string","description":"Serialized JSON string containing the json data. This attribute can be used to pass configuration options to the data source. To figure out what options a datasource has available, see its docs or inspect the network data when saving it from the Grafana UI. Note that keys in this map are usually camelCased.","description_kind":"markdown","optional":true},"name":{"type":"string","description":"A unique name for the data source.","description_kind":"markdown","required":true},"password":{"type":"string","description":"Use secure_json_data_encoded.password instead. Defaults to ``.","description_kind":"markdown","deprecated":true,"optional":true,"sensitive":true},"secure_json_data_encoded":{"type":"string","description":"Serialized JSON string containing the secure json data. This attribute can be used to pass secure configuration options to the data source. To figure out what options a datasource has available, see its docs or inspect the network data when saving it from the Grafana UI. Note that keys in this map are usually camelCased.","description_kind":"markdown","optional":true,"sensitive":true},"type":{"type":"string","description":"The data source type. Must be one of the supported data source keywords.","description_kind":"markdown","required":true},"uid":{"type":"string","description":"Unique identifier. If unset, this will be automatically generated.","description_kind":"markdown","optional":true,"computed":true},"url":{"type":"string","description":"The URL for the data source. The type of URL required varies depending on the chosen data source type.","description_kind":"markdown","optional":true},"username":{"type":"string","description":"(Required by some data source types) The username to use to authenticate to the data source. Defaults to ``.","description_kind":"markdown","optional":true}},"block_types":{"json_data":{"nesting_mode":"list","block":{"attributes":{"alertmanager_uid":{"type":"string","description":"(Prometheus) The name of the Alertmanager datasource to manage alerts via UI","description_kind":"markdown","optional":true},"assume_role_arn":{"type":"string","description":"(CloudWatch, Athena) The ARN of the role to be assumed by Grafana when using the CloudWatch or Athena data source.","description_kind":"markdown","optional":true},"auth_type":{"type":"string","description":"(CloudWatch, Athena) The authentication type used to access the data source.","description_kind":"markdown","optional":true},"authentication_type":{"type":"string","description":"(Stackdriver) The authentication type: `jwt` or `gce`.","description_kind":"markdown","optional":true},"catalog":{"type":"string","description":"(Athena) Athena catalog.","description_kind":"markdown","optional":true},"client_email":{"type":"string","description":"(Stackdriver) Service account email address.","description_kind":"markdown","optional":true},"client_id":{"type":"string","description":"(Azure Monitor) The service account client id.","description_kind":"markdown","optional":true},"cloud_name":{"type":"string","description":"(Azure Monitor) The cloud name.","description_kind":"markdown","optional":true},"conn_max_lifetime":{"type":"number","description":"(MySQL, PostgreSQL, and MSSQL) Maximum amount of time in seconds a connection may be reused (Grafana v5.4+).","description_kind":"markdown","optional":true},"custom_metrics_namespaces":{"type":"string","description":"(CloudWatch) A comma-separated list of custom namespaces to be queried by the CloudWatch data source.","description_kind":"markdown","optional":true},"database":{"type":"string","description":"(Athena) Name of the database within the catalog.","description_kind":"markdown","optional":true},"default_bucket":{"type":"string","description":"(InfluxDB) The default bucket for the data source.","description_kind":"markdown","optional":true},"default_project":{"type":"string","description":"(Stackdriver) The default project for the data source.","description_kind":"markdown","optional":true},"default_region":{"type":"string","description":"(CloudWatch, Athena) The default region for the data source.","description_kind":"markdown","optional":true},"encrypt":{"type":"string","description":"(MSSQL) Connection SSL encryption handling: 'disable', 'false' or 'true'.","description_kind":"markdown","optional":true},"es_version":{"type":"string","description":"(Elasticsearch) Elasticsearch semantic version (Grafana v8.0+).","description_kind":"markdown","optional":true},"external_id":{"type":"string","description":"(CloudWatch, Athena) If you are assuming a role in another account, that has been created with an external ID, specify the external ID here.","description_kind":"markdown","optional":true},"github_url":{"type":"string","description":"(Github) Github URL","description_kind":"markdown","optional":true},"graphite_version":{"type":"string","description":"(Graphite) Graphite version.","description_kind":"markdown","optional":true},"http_method":{"type":"string","description":"(Prometheus) HTTP method to use for making requests.","description_kind":"markdown","optional":true},"implementation":{"type":"string","description":"(Alertmanager) Implementation of Alertmanager. Either 'cortex' or 'prometheus'","description_kind":"markdown","optional":true},"interval":{"type":"string","description":"(Elasticsearch) Index date time format. nil(No Pattern), 'Hourly', 'Daily', 'Weekly', 'Monthly' or 'Yearly'.","description_kind":"markdown","optional":true},"log_level_field":{"type":"string","description":"(Elasticsearch) Which field should be used to indicate the priority of the log message.","description_kind":"markdown","optional":true},"log_message_field":{"type":"string","description":"(Elasticsearch) Which field should be used as the log message.","description_kind":"markdown","optional":true},"manage_alerts":{"type":"bool","description":"(Prometheus) Manage alerts.","description_kind":"markdown","optional":true},"max_concurrent_shard_requests":{"type":"number","description":"(Elasticsearch) Maximum number of concurrent shard requests.","description_kind":"markdown","optional":true},"max_idle_conns":{"type":"number","description":"(MySQL, PostgreSQL and MSSQL) Maximum number of connections in the idle connection pool (Grafana v5.4+).","description_kind":"markdown","optional":true},"max_lines":{"type":"number","description":"(Loki) Upper limit for the number of log lines returned by Loki","description_kind":"markdown","optional":true},"max_open_conns":{"type":"number","description":"(MySQL, PostgreSQL and MSSQL) Maximum number of open connections to the database (Grafana v5.4+).","description_kind":"markdown","optional":true},"org_slug":{"type":"string","description":"(Sentry) Organization slug.","description_kind":"markdown","optional":true},"organization":{"type":"string","description":"(InfluxDB) An organization is a workspace for a group of users. All dashboards, tasks, buckets, members, etc., belong to an organization.","description_kind":"markdown","optional":true},"output_location":{"type":"string","description":"(Athena) AWS S3 bucket to store execution outputs. If not specified, the default query result location from the Workgroup configuration will be used.","description_kind":"markdown","optional":true},"postgres_version":{"type":"number","description":"(PostgreSQL) Postgres version as a number (903/904/905/906/1000) meaning v9.3, v9.4, etc.","description_kind":"markdown","optional":true},"profile":{"type":"string","description":"(CloudWatch, Athena) The credentials profile name to use when authentication type is set as 'Credentials file'.","description_kind":"markdown","optional":true},"query_timeout":{"type":"string","description":"(Prometheus) Timeout for queries made to the Prometheus data source in seconds.","description_kind":"markdown","optional":true},"sigv4_assume_role_arn":{"type":"string","description":"(Elasticsearch and Prometheus) Specifies the ARN of an IAM role to assume.","description_kind":"markdown","optional":true},"sigv4_auth":{"type":"bool","description":"(Elasticsearch and Prometheus) Enable usage of SigV4.","description_kind":"markdown","optional":true},"sigv4_auth_type":{"type":"string","description":"(Elasticsearch and Prometheus) The Sigv4 authentication provider to use: 'default', 'credentials' or 'keys' (AMG: 'workspace-iam-role').","description_kind":"markdown","optional":true},"sigv4_external_id":{"type":"string","description":"(Elasticsearch and Prometheus) When assuming a role in another account use this external ID.","description_kind":"markdown","optional":true},"sigv4_profile":{"type":"string","description":"(Elasticsearch and Prometheus) Credentials profile name, leave blank for default.","description_kind":"markdown","optional":true},"sigv4_region":{"type":"string","description":"(Elasticsearch and Prometheus) AWS region to use for Sigv4.","description_kind":"markdown","optional":true},"ssl_mode":{"type":"string","description":"(PostgreSQL) SSLmode. 'disable', 'require', 'verify-ca' or 'verify-full'.","description_kind":"markdown","optional":true},"subscription_id":{"type":"string","description":"(Azure Monitor) The subscription id","description_kind":"markdown","optional":true},"tenant_id":{"type":"string","description":"(Azure Monitor) Service account tenant ID.","description_kind":"markdown","optional":true},"time_field":{"type":"string","description":"(Elasticsearch) Which field that should be used as timestamp.","description_kind":"markdown","optional":true},"time_interval":{"type":"string","description":"(Prometheus, Elasticsearch, InfluxDB, MySQL, PostgreSQL, and MSSQL) Lowest interval/step value that should be used for this data source. Sometimes called \"Scrape Interval\" in the Grafana UI.","description_kind":"markdown","optional":true},"timescaledb":{"type":"bool","description":"(PostgreSQL) Enable usage of TimescaleDB extension.","description_kind":"markdown","optional":true},"tls_auth":{"type":"bool","description":"(All) Enable TLS authentication using client cert configured in secure json data.","description_kind":"markdown","optional":true},"tls_auth_with_ca_cert":{"type":"bool","description":"(All) Enable TLS authentication using CA cert.","description_kind":"markdown","optional":true},"tls_configuration_method":{"type":"string","description":"(All) SSL Certificate configuration, either by ‘file-path’ or ‘file-content’.","description_kind":"markdown","optional":true},"tls_skip_verify":{"type":"bool","description":"(All) Controls whether a client verifies the server’s certificate chain and host name.","description_kind":"markdown","optional":true},"token_uri":{"type":"string","description":"(Stackdriver) The token URI used, provided in the service account key.","description_kind":"markdown","optional":true},"tracing_datasource_uid":{"type":"string","description":"(Cloudwatch) The X-Ray datasource uid to associate to this Cloudwatch datasource.","description_kind":"markdown","optional":true},"tsdb_resolution":{"type":"number","description":"(OpenTSDB) Resolution.","description_kind":"markdown","optional":true},"tsdb_version":{"type":"number","description":"(OpenTSDB) Version.","description_kind":"markdown","optional":true},"version":{"type":"string","description":"(InfluxDB) InfluxQL or Flux.","description_kind":"markdown","optional":true},"workgroup":{"type":"string","description":"(Athena) Workgroup to use.","description_kind":"markdown","optional":true},"xpack_enabled":{"type":"bool","description":"(Elasticsearch) Enable X-Pack support.","description_kind":"markdown","optional":true}},"block_types":{"derived_field":{"nesting_mode":"list","block":{"attributes":{"datasource_uid":{"type":"string","description_kind":"plain","optional":true},"matcher_regex":{"type":"string","description_kind":"plain","optional":true},"name":{"type":"string","description_kind":"plain","optional":true},"url":{"type":"string","description_kind":"plain","optional":true}},"description":"(Loki) See https://grafana.com/docs/grafana/latest/datasources/loki/#derived-fields","description_kind":"markdown"}}},"description":"Use json_data_encoded instead.","description_kind":"markdown","deprecated":true}},"secure_json_data":{"nesting_mode":"list","block":{"attributes":{"access_key":{"type":"string","description":"(CloudWatch, Athena) The access key used to access the data source.","description_kind":"markdown","optional":true,"sensitive":true},"access_token":{"type":"string","description":"(Github) The access token used to access the data source.","description_kind":"markdown","optional":true,"sensitive":true},"auth_token":{"type":"string","description":"(Sentry) Authorization token.","description_kind":"markdown","optional":true,"sensitive":true},"basic_auth_password":{"type":"string","description":"(All) Password to use for basic authentication.","description_kind":"markdown","optional":true,"sensitive":true},"client_secret":{"type":"string","description":"(Azure Monitor) Client secret for authentication.","description_kind":"markdown","optional":true,"sensitive":true},"password":{"type":"string","description":"(All) Password to use for authentication.","description_kind":"markdown","optional":true,"sensitive":true},"private_key":{"type":"string","description":"(Stackdriver) The service account key `private_key` to use to access the data source.","description_kind":"markdown","optional":true,"sensitive":true},"secret_key":{"type":"string","description":"(CloudWatch, Athena) The secret key to use to access the data source.","description_kind":"markdown","optional":true,"sensitive":true},"sigv4_access_key":{"type":"string","description":"(Elasticsearch and Prometheus) SigV4 access key. Required when using 'keys' auth provider.","description_kind":"markdown","optional":true,"sensitive":true},"sigv4_secret_key":{"type":"string","description":"(Elasticsearch and Prometheus) SigV4 secret key. Required when using 'keys' auth provider.","description_kind":"markdown","optional":true,"sensitive":true},"tls_ca_cert":{"type":"string","description":"(All) CA cert for out going requests.","description_kind":"markdown","optional":true,"sensitive":true},"tls_client_cert":{"type":"string","description":"(All) TLS Client cert for outgoing requests.","description_kind":"markdown","optional":true,"sensitive":true},"tls_client_key":{"type":"string","description":"(All) TLS Client key for outgoing requests.","description_kind":"markdown","optional":true,"sensitive":true}},"description":"Use secure_json_data_encoded instead.","description_kind":"markdown","deprecated":true}}},"description":"\n* [Official documentation](https://grafana.com/docs/grafana/latest/datasources/)\n* [HTTP API](https://grafana.com/docs/grafana/latest/developers/http_api/data_source/)\n\nThe required arguments for this resource vary depending on the type of data\nsource selected (via the 'type' argument).\n","description_kind":"markdown"}},"grafana_data_source_permission":{"version":0,"block":{"attributes":{"datasource_id":{"type":"number","description":"ID of the datasource to apply permissions to.","description_kind":"markdown","required":true},"id":{"type":"string","description_kind":"plain","optional":true,"computed":true}},"block_types":{"permissions":{"nesting_mode":"set","block":{"attributes":{"built_in_role":{"type":"string","description":"Name of the basic role to manage permissions for. Options: `Viewer`, `Editor` or `Admin`. Can only be set from Grafana v9.2.3+. Defaults to ``.","description_kind":"markdown","optional":true},"permission":{"type":"string","description":"Permission to associate with item. Options: `Query` or `Edit` (`Edit` can only be used with Grafana v9.2.3+).","description_kind":"markdown","required":true},"team_id":{"type":"number","description":"ID of the team to manage permissions for. Defaults to `0`.","description_kind":"markdown","optional":true},"user_id":{"type":"number","description":"ID of the user to manage permissions for. Defaults to `0`.","description_kind":"markdown","optional":true}},"description":"The permission items to add/update. Items that are omitted from the list will be removed.","description_kind":"markdown"},"min_items":1}},"description":"\n* [HTTP API](https://grafana.com/docs/grafana/latest/developers/http_api/datasource_permissions/)\n","description_kind":"markdown"}},"grafana_folder":{"version":0,"block":{"attributes":{"id":{"type":"string","description":"Unique internal identifier.","description_kind":"markdown","computed":true},"title":{"type":"string","description":"The title of the folder.","description_kind":"markdown","required":true},"uid":{"type":"string","description":"Unique identifier.","description_kind":"markdown","optional":true,"computed":true},"url":{"type":"string","description":"The full URL of the folder.","description_kind":"markdown","computed":true}},"description":"\n* [Official documentation](https://grafana.com/docs/grafana/latest/dashboards/manage-dashboards/)\n* [HTTP API](https://grafana.com/docs/grafana/latest/developers/http_api/folder/)\n","description_kind":"markdown"}},"grafana_folder_permission":{"version":0,"block":{"attributes":{"folder_uid":{"type":"string","description":"The UID of the folder.","description_kind":"markdown","required":true},"id":{"type":"string","description_kind":"plain","optional":true,"computed":true}},"block_types":{"permissions":{"nesting_mode":"set","block":{"attributes":{"permission":{"type":"string","description":"Permission to associate with item. Must be one of `View`, `Edit`, or `Admin`.","description_kind":"markdown","required":true},"role":{"type":"string","description":"Manage permissions for `Viewer` or `Editor` roles.","description_kind":"markdown","optional":true},"team_id":{"type":"number","description":"ID of the team to manage permissions for. Defaults to `0`.","description_kind":"markdown","optional":true},"user_id":{"type":"number","description":"ID of the user to manage permissions for. Defaults to `0`.","description_kind":"markdown","optional":true}},"description":"The permission items to add/update. Items that are omitted from the list will be removed.","description_kind":"markdown"},"min_items":1}},"description":"\n* [Official documentation](https://grafana.com/docs/grafana/latest/administration/roles-and-permissions/access-control/)\n* [HTTP API](https://grafana.com/docs/grafana/latest/developers/http_api/folder_permissions/)\n","description_kind":"markdown"}},"grafana_library_panel":{"version":0,"block":{"attributes":{"created":{"type":"string","description":"Timestamp when the library panel was created.","description_kind":"markdown","computed":true},"dashboard_ids":{"type":["list","number"],"description":"Numerical IDs of Grafana dashboards containing the library panel.","description_kind":"markdown","computed":true},"description":{"type":"string","description":"Description of the library panel.","description_kind":"markdown","computed":true},"folder_id":{"type":"number","description":"ID of the folder where the library panel is stored.","description_kind":"markdown","optional":true},"folder_name":{"type":"string","description":"Name of the folder containing the library panel.","description_kind":"markdown","computed":true},"folder_uid":{"type":"string","description":"Unique ID (UID) of the folder containing the library panel.","description_kind":"markdown","computed":true},"id":{"type":"string","description_kind":"plain","optional":true,"computed":true},"model_json":{"type":"string","description":"The JSON model for the library panel.","description_kind":"markdown","required":true},"name":{"type":"string","description":"Name of the library panel.","description_kind":"markdown","required":true},"org_id":{"type":"string","description":"The Organization ID. If not set, the Org ID defined in the provider block will be used.","description_kind":"markdown","optional":true},"panel_id":{"type":"number","description":"The numeric ID of the library panel computed by Grafana.","description_kind":"markdown","computed":true},"type":{"type":"string","description":"Type of the library panel (eg. text).","description_kind":"markdown","computed":true},"uid":{"type":"string","description":"The unique identifier (UID) of a library panel uniquely identifies library panels between multiple Grafana installs. It’s automatically generated unless you specify it during library panel creation.The UID provides consistent URLs for accessing library panels and when syncing library panels between multiple Grafana installs.","description_kind":"markdown","optional":true,"computed":true},"updated":{"type":"string","description":"Timestamp when the library panel was last modified.","description_kind":"markdown","computed":true},"version":{"type":"number","description":"Version of the library panel.","description_kind":"markdown","computed":true}},"description":"\nManages Grafana library panels.\n\n* [Official documentation](https://grafana.com/docs/grafana/latest/dashboards/build-dashboards/manage-library-panels/)\n* [HTTP API](https://grafana.com/docs/grafana/latest/developers/http_api/library_element/)\n","description_kind":"markdown"}},"grafana_machine_learning_holiday":{"version":0,"block":{"attributes":{"description":{"type":"string","description":"A description of the holiday.","description_kind":"markdown","optional":true},"ical_timezone":{"type":"string","description":"The timezone to use for events in the iCal file pointed to by ical_url.","description_kind":"markdown","optional":true},"ical_url":{"type":"string","description":"A URL to an iCal file containing all occurrences of the holiday.","description_kind":"markdown","optional":true},"id":{"type":"string","description":"The ID of the holiday.","description_kind":"markdown","computed":true},"name":{"type":"string","description":"The name of the holiday.","description_kind":"markdown","required":true}},"block_types":{"custom_periods":{"nesting_mode":"list","block":{"attributes":{"end_time":{"type":"string","description_kind":"plain","required":true},"name":{"type":"string","description":"The name of the custom period.","description_kind":"markdown","optional":true},"start_time":{"type":"string","description_kind":"plain","required":true}},"description":"A list of custom periods for the holiday.","description_kind":"markdown"}}},"description":"\nA holiday describes time periods where a time series is expected to behave differently to normal.\n\nTo use a holiday in a job, use its id in the `holidays` attribute of a `grafana_machine_learning_job`:\n\n```terraform\nresource \"grafana_machine_learning_job\" \"test_job\" {\n  ...\n  holidays = [\n    grafana_machine_learning_holiday.my_holiday.id\n  ]\n}\n```","description_kind":"markdown"}},"grafana_machine_learning_job":{"version":0,"block":{"attributes":{"datasource_id":{"type":"number","description":"The id of the datasource to query.","description_kind":"markdown","optional":true},"datasource_type":{"type":"string","description":"The type of datasource being queried. Currently allowed values are prometheus, graphite, loki, postgres, and datadog.","description_kind":"markdown","required":true},"datasource_uid":{"type":"string","description":"The uid of the datasource to query.","description_kind":"markdown","optional":true},"description":{"type":"string","description":"A description of the job.","description_kind":"markdown","optional":true},"holidays":{"type":["list","string"],"description":"A list of holiday IDs or names to take into account when training the model.","description_kind":"markdown","optional":true},"hyper_params":{"type":["map","string"],"description":"The hyperparameters used to fine tune the algorithm. See https://grafana.com/docs/grafana-cloud/machine-learning/models/ for the full list of available hyperparameters. Defaults to `map[]`.","description_kind":"markdown","optional":true},"id":{"type":"string","description":"The ID of the job.","description_kind":"markdown","computed":true},"interval":{"type":"number","description":"The data interval in seconds to train the data on. Defaults to `300`.","description_kind":"markdown","optional":true},"metric":{"type":"string","description":"The metric used to query the job results.","description_kind":"markdown","required":true},"name":{"type":"string","description":"The name of the job.","description_kind":"markdown","required":true},"query_params":{"type":["map","string"],"description":"An object representing the query params to query Grafana with.","description_kind":"markdown","required":true},"training_window":{"type":"number","description":"The data interval in seconds to train the data on. Defaults to `7776000`.","description_kind":"markdown","optional":true}},"description":"\nA job defines the queries and model parameters for a machine learning task.\n","description_kind":"markdown"}},"grafana_machine_learning_outlier_detector":{"version":0,"block":{"attributes":{"datasource_id":{"type":"number","description":"The id of the datasource to query.","description_kind":"markdown","optional":true},"datasource_type":{"type":"string","description":"The type of datasource being queried. Currently allowed values are prometheus, graphite, loki, postgres, and datadog.","description_kind":"markdown","required":true},"datasource_uid":{"type":"string","description":"The uid of the datasource to query.","description_kind":"markdown","optional":true},"description":{"type":"string","description":"A description of the outlier detector.","description_kind":"markdown","optional":true},"id":{"type":"string","description":"The ID of the outlier detector.","description_kind":"markdown","computed":true},"interval":{"type":"number","description":"The data interval in seconds to monitor. Defaults to `300`.","description_kind":"markdown","optional":true},"metric":{"type":"string","description":"The metric used to query the outlier detector results.","description_kind":"markdown","required":true},"name":{"type":"string","description":"The name of the outlier detector.","description_kind":"markdown","required":true},"query_params":{"type":["map","string"],"description":"An object representing the query params to query Grafana with.","description_kind":"markdown","required":true}},"block_types":{"algorithm":{"nesting_mode":"set","block":{"attributes":{"name":{"type":"string","description":"The name of the algorithm to use ('mad' or 'dbscan').","description_kind":"markdown","required":true},"sensitivity":{"type":"number","description":"Specify the sensitivity of the detector (in range [0,1]).","description_kind":"markdown","required":true}},"block_types":{"config":{"nesting_mode":"set","block":{"attributes":{"epsilon":{"type":"number","description":"Specify the epsilon parameter (positive float)","description_kind":"markdown","required":true}},"description":"For DBSCAN only, specify the configuration map","description_kind":"markdown"},"max_items":1}},"description":"The algorithm to use and its configuration. See https://grafana.com/docs/grafana-cloud/machine-learning/outlier-detection/ for details.","description_kind":"markdown"},"min_items":1,"max_items":1}},"description":"\nAn outlier detector monitors the results of a query and reports when its values are outside normal bands.\n\nThe normal band is configured by choice of algorithm, its sensitivity and other configuration.\n\nVisit https://grafana.com/docs/grafana-cloud/machine-learning/outlier-detection/ for more details.\n","description_kind":"markdown"}},"grafana_message_template":{"version":0,"block":{"attributes":{"id":{"type":"string","description_kind":"plain","optional":true,"computed":true},"name":{"type":"string","description":"The name of the message template.","description_kind":"markdown","required":true},"template":{"type":"string","description":"The content of the message template.","description_kind":"markdown","required":true}},"description":"\nManages Grafana Alerting message templates.\n\n* [Official documentation](https://grafana.com/docs/grafana/latest/alerting/manage-notifications/template-notifications/create-notification-templates/)\n* [HTTP API](https://grafana.com/docs/grafana/next/developers/http_api/alerting_provisioning/#templates)\n\nThis resource requires Grafana 9.1.0 or later.\n","description_kind":"markdown"}},"grafana_mute_timing":{"version":0,"block":{"attributes":{"id":{"type":"string","description_kind":"plain","optional":true,"computed":true},"name":{"type":"string","description":"The name of the mute timing.","description_kind":"markdown","required":true}},"block_types":{"intervals":{"nesting_mode":"list","block":{"attributes":{"days_of_month":{"type":["list","string"],"description":"An inclusive range of days, 1-31, within a month, e.g. \"1\" or \"14:16\". Negative values can be used to represent days counting from the end of a month, e.g. \"-1\".","description_kind":"markdown","optional":true},"months":{"type":["list","string"],"description":"An inclusive range of months, either numerical or full calendar month, e.g. \"1:3\", \"december\", or \"may:august\".","description_kind":"markdown","optional":true},"weekdays":{"type":["list","string"],"description":"An inclusive range of weekdays, e.g. \"monday\" or \"tuesday:thursday\".","description_kind":"markdown","optional":true},"years":{"type":["list","string"],"description":"A positive inclusive range of years, e.g. \"2030\" or \"2025:2026\".","description_kind":"markdown","optional":true}},"block_types":{"times":{"nesting_mode":"list","block":{"attributes":{"end":{"type":"string","description":"The time, in hh:mm format, of when the interval should end exclusively.","description_kind":"markdown","required":true},"start":{"type":"string","description":"The time, in hh:mm format, of when the interval should begin inclusively.","description_kind":"markdown","required":true}},"description":"The time ranges, represented in minutes, during which to mute in a given day.","description_kind":"markdown"}}},"description":"The time intervals at which to mute notifications.","description_kind":"markdown"}}},"description":"\nManages Grafana Alerting mute timings.\n\n* [Official documentation](https://grafana.com/docs/grafana/latest/alerting/manage-notifications/mute-timings/)\n* [HTTP API](https://grafana.com/docs/grafana/next/developers/http_api/alerting_provisioning/#mute-timings)\n\nThis resource requires Grafana 9.1.0 or later.\n","description_kind":"markdown"}},"grafana_notification_policy":{"version":0,"block":{"attributes":{"contact_point":{"type":"string","description":"The default contact point to route all unmatched notifications to.","description_kind":"markdown","required":true},"group_by":{"type":["list","string"],"description":"A list of alert labels to group alerts into notifications by. Use the special label `...` to group alerts by all labels, effectively disabling grouping.","description_kind":"markdown","required":true},"group_interval":{"type":"string","description":"Minimum time interval between two notifications for the same group. Default is 5 minutes.","description_kind":"markdown","optional":true},"group_wait":{"type":"string","description":"Time to wait to buffer alerts of the same group before sending a notification. Default is 30 seconds.","description_kind":"markdown","optional":true},"id":{"type":"string","description_kind":"plain","optional":true,"computed":true},"repeat_interval":{"type":"string","description":"Minimum time interval for re-sending a notification if an alert is still firing. Default is 4 hours.","description_kind":"markdown","optional":true}},"block_types":{"policy":{"nesting_mode":"list","block":{"attributes":{"contact_point":{"type":"string","description":"The contact point to route notifications that match this rule to.","description_kind":"markdown","required":true},"continue":{"type":"bool","description":"Whether to continue matching subsequent rules if an alert matches the current rule. Otherwise, the rule will be 'consumed' by the first policy to match it.","description_kind":"markdown","optional":true},"group_by":{"type":["list","string"],"description":"A list of alert labels to group alerts into notifications by. Use the special label `...` to group alerts by all labels, effectively disabling grouping.","description_kind":"markdown","required":true},"group_interval":{"type":"string","description":"Minimum time interval between two notifications for the same group. Default is 5 minutes.","description_kind":"markdown","optional":true},"group_wait":{"type":"string","description":"Time to wait to buffer alerts of the same group before sending a notification. Default is 30 seconds.","description_kind":"markdown","optional":true},"mute_timings":{"type":["list","string"],"description":"A list of mute timing names to apply to alerts that match this policy.","description_kind":"markdown","optional":true},"repeat_interval":{"type":"string","description":"Minimum time interval for re-sending a notification if an alert is still firing. Default is 4 hours.","description_kind":"markdown","optional":true}},"block_types":{"matcher":{"nesting_mode":"list","block":{"attributes":{"label":{"type":"string","description":"The name of the label to match against.","description_kind":"markdown","required":true},"match":{"type":"string","description":"The operator to apply when matching values of the given label. Allowed operators are `=` for equality, `!=` for negated equality, `=~` for regex equality, and `!~` for negated regex equality.","description_kind":"markdown","required":true},"value":{"type":"string","description":"The label value to match against.","description_kind":"markdown","required":true}},"description":"Describes which labels this rule should match. When multiple matchers are supplied, an alert must match ALL matchers to be accepted by this policy. When no matchers are supplied, the rule will match all alert instances.","description_kind":"markdown"}},"policy":{"nesting_mode":"list","block":{"attributes":{"contact_point":{"type":"string","description":"The contact point to route notifications that match this rule to.","description_kind":"markdown","required":true},"continue":{"type":"bool","description":"Whether to continue matching subsequent rules if an alert matches the current rule. Otherwise, the rule will be 'consumed' by the first policy to match it.","description_kind":"markdown","optional":true},"group_by":{"type":["list","string"],"description":"A list of alert labels to group alerts into notifications by. Use the special label `...` to group alerts by all labels, effectively disabling grouping.","description_kind":"markdown","required":true},"group_interval":{"type":"string","description":"Minimum time interval between two notifications for the same group. Default is 5 minutes.","description_kind":"markdown","optional":true},"group_wait":{"type":"string","description":"Time to wait to buffer alerts of the same group before sending a notification. Default is 30 seconds.","description_kind":"markdown","optional":true},"mute_timings":{"type":["list","string"],"description":"A list of mute timing names to apply to alerts that match this policy.","description_kind":"markdown","optional":true},"repeat_interval":{"type":"string","description":"Minimum time interval for re-sending a notification if an alert is still firing. Default is 4 hours.","description_kind":"markdown","optional":true}},"block_types":{"matcher":{"nesting_mode":"list","block":{"attributes":{"label":{"type":"string","description":"The name of the label to match against.","description_kind":"markdown","required":true},"match":{"type":"string","description":"The operator to apply when matching values of the given label. Allowed operators are `=` for equality, `!=` for negated equality, `=~` for regex equality, and `!~` for negated regex equality.","description_kind":"markdown","required":true},"value":{"type":"string","description":"The label value to match against.","description_kind":"markdown","required":true}},"description":"Describes which labels this rule should match. When multiple matchers are supplied, an alert must match ALL matchers to be accepted by this policy. When no matchers are supplied, the rule will match all alert instances.","description_kind":"markdown"}},"policy":{"nesting_mode":"list","block":{"attributes":{"contact_point":{"type":"string","description":"The contact point to route notifications that match this rule to.","description_kind":"markdown","required":true},"continue":{"type":"bool","description":"Whether to continue matching subsequent rules if an alert matches the current rule. Otherwise, the rule will be 'consumed' by the first policy to match it.","description_kind":"markdown","optional":true},"group_by":{"type":["list","string"],"description":"A list of alert labels to group alerts into notifications by. Use the special label `...` to group alerts by all labels, effectively disabling grouping.","description_kind":"markdown","required":true},"group_interval":{"type":"string","description":"Minimum time interval between two notifications for the same group. Default is 5 minutes.","description_kind":"markdown","optional":true},"group_wait":{"type":"string","description":"Time to wait to buffer alerts of the same group before sending a notification. Default is 30 seconds.","description_kind":"markdown","optional":true},"mute_timings":{"type":["list","string"],"description":"A list of mute timing names to apply to alerts that match this policy.","description_kind":"markdown","optional":true},"repeat_interval":{"type":"string","description":"Minimum time interval for re-sending a notification if an alert is still firing. Default is 4 hours.","description_kind":"markdown","optional":true}},"block_types":{"matcher":{"nesting_mode":"list","block":{"attributes":{"label":{"type":"string","description":"The name of the label to match against.","description_kind":"markdown","required":true},"match":{"type":"string","description":"The operator to apply when matching values of the given label. Allowed operators are `=` for equality, `!=` for negated equality, `=~` for regex equality, and `!~` for negated regex equality.","description_kind":"markdown","required":true},"value":{"type":"string","description":"The label value to match against.","description_kind":"markdown","required":true}},"description":"Describes which labels this rule should match. When multiple matchers are supplied, an alert must match ALL matchers to be accepted by this policy. When no matchers are supplied, the rule will match all alert instances.","description_kind":"markdown"}},"policy":{"nesting_mode":"list","block":{"attributes":{"contact_point":{"type":"string","description":"The contact point to route notifications that match this rule to.","description_kind":"markdown","required":true},"continue":{"type":"bool","description":"Whether to continue matching subsequent rules if an alert matches the current rule. Otherwise, the rule will be 'consumed' by the first policy to match it.","description_kind":"markdown","optional":true},"group_by":{"type":["list","string"],"description":"A list of alert labels to group alerts into notifications by. Use the special label `...` to group alerts by all labels, effectively disabling grouping.","description_kind":"markdown","required":true},"group_interval":{"type":"string","description":"Minimum time interval between two notifications for the same group. Default is 5 minutes.","description_kind":"markdown","optional":true},"group_wait":{"type":"string","description":"Time to wait to buffer alerts of the same group before sending a notification. Default is 30 seconds.","description_kind":"markdown","optional":true},"mute_timings":{"type":["list","string"],"description":"A list of mute timing names to apply to alerts that match this policy.","description_kind":"markdown","optional":true},"repeat_interval":{"type":"string","description":"Minimum time interval for re-sending a notification if an alert is still firing. Default is 4 hours.","description_kind":"markdown","optional":true}},"block_types":{"matcher":{"nesting_mode":"list","block":{"attributes":{"label":{"type":"string","description":"The name of the label to match against.","description_kind":"markdown","required":true},"match":{"type":"string","description":"The operator to apply when matching values of the given label. Allowed operators are `=` for equality, `!=` for negated equality, `=~` for regex equality, and `!~` for negated regex equality.","description_kind":"markdown","required":true},"value":{"type":"string","description":"The label value to match against.","description_kind":"markdown","required":true}},"description":"Describes which labels this rule should match. When multiple matchers are supplied, an alert must match ALL matchers to be accepted by this policy. When no matchers are supplied, the rule will match all alert instances.","description_kind":"markdown"}}},"description":"Routing rules for specific label sets.","description_kind":"markdown"}}},"description":"Routing rules for specific label sets.","description_kind":"markdown"}}},"description":"Routing rules for specific label sets.","description_kind":"markdown"}}},"description":"Routing rules for specific label sets.","description_kind":"markdown"}}},"description":"\nSets the global notification policy for Grafana. Note that this resource manages the entire notification policy tree, and will overwrite any existing policies.\n\n* [Official documentation](https://grafana.com/docs/grafana/latest/alerting/manage-notifications/)\n* [HTTP API](https://grafana.com/docs/grafana/latest/developers/http_api/alerting_provisioning/)\n\nThis resource requires Grafana 9.1.0 or later.\n","description_kind":"markdown"}},"grafana_oncall_escalation":{"version":0,"block":{"attributes":{"action_to_trigger":{"type":"string","description":"The ID of an Action for trigger_action type step.","description_kind":"markdown","optional":true},"duration":{"type":"number","description":"The duration of delay for wait type step.","description_kind":"markdown","optional":true},"escalation_chain_id":{"type":"string","description":"The ID of the escalation chain.","description_kind":"markdown","required":true},"group_to_notify":{"type":"string","description":"The ID of a User Group for notify_user_group type step.","description_kind":"markdown","optional":true},"id":{"type":"string","description_kind":"plain","optional":true,"computed":true},"important":{"type":"bool","description":"Will activate \"important\" personal notification rules. Actual for steps: notify_persons, notify_on_call_from_schedule and notify_user_group","description_kind":"markdown","optional":true},"notify_if_time_from":{"type":"string","description":"The beginning of the time interval for notify_if_time_from_to type step in UTC (for example 08:00:00Z).","description_kind":"markdown","optional":true},"notify_if_time_to":{"type":"string","description":"The end of the time interval for notify_if_time_from_to type step in UTC (for example 18:00:00Z).","description_kind":"markdown","optional":true},"notify_on_call_from_schedule":{"type":"string","description":"ID of a Schedule for notify_on_call_from_schedule type step.","description_kind":"markdown","optional":true},"persons_to_notify":{"type":["set","string"],"description":"The list of ID's of users for notify_persons type step.","description_kind":"markdown","optional":true},"persons_to_notify_next_each_time":{"type":["set","string"],"description":"The list of ID's of users for notify_person_next_each_time type step.","description_kind":"markdown","optional":true},"position":{"type":"number","description":"The position of the escalation step (starts from 0).","description_kind":"markdown","required":true},"type":{"type":"string","description":"The type of escalation policy. Can be wait, notify_persons, notify_person_next_each_time, notify_on_call_from_schedule, trigger_action, notify_user_group, resolve, notify_whole_channel, notify_if_time_from_to, repeat_escalation","description_kind":"markdown","optional":true}},"description":"\n* [Official documentation](https://grafana.com/docs/grafana-cloud/oncall/escalation-policies/)\n* [HTTP API](https://grafana.com/docs/grafana-cloud/oncall/oncall-api-reference/escalation_policies/)\n","description_kind":"markdown"}},"grafana_oncall_escalation_chain":{"version":0,"block":{"attributes":{"id":{"type":"string","description_kind":"plain","optional":true,"computed":true},"name":{"type":"string","description":"The name of the escalation chain.","description_kind":"markdown","required":true},"team_id":{"type":"string","description":"The ID of the OnCall team. To get one, create a team in Grafana, and navigate to the OnCall plugin (to sync the team with OnCall). You can then get the ID using the `grafana_oncall_team` datasource.","description_kind":"markdown","optional":true}},"description":"\n* [HTTP API](https://grafana.com/docs/grafana-cloud/oncall/oncall-api-reference/escalation_chains/)\n","description_kind":"markdown"}},"grafana_oncall_integration":{"version":0,"block":{"attributes":{"id":{"type":"string","description_kind":"plain","optional":true,"computed":true},"link":{"type":"string","description":"The link for using in an integrated tool.","description_kind":"markdown","computed":true},"name":{"type":"string","description":"The name of the service integration.","description_kind":"markdown","required":true},"team_id":{"type":"string","description":"The ID of the OnCall team. To get one, create a team in Grafana, and navigate to the OnCall plugin (to sync the team with OnCall). You can then get the ID using the `grafana_oncall_team` datasource.","description_kind":"markdown","optional":true},"type":{"type":"string","description":"The type of integration. Can be grafana, grafana_alerting, webhook, alertmanager, kapacitor, fabric, newrelic, datadog, pagerduty, pingdom, elastalert, amazon_sns, curler, sentry, formatted_webhook, heartbeat, demo, manual, stackdriver, uptimerobot, sentry_platform, zabbix, prtg, slack_channel, inbound_email.","description_kind":"markdown","required":true}},"block_types":{"default_route":{"nesting_mode":"list","block":{"attributes":{"escalation_chain_id":{"type":"string","description":"The ID of the escalation chain.","description_kind":"markdown","optional":true},"id":{"type":"string","description_kind":"plain","computed":true}},"block_types":{"msteams":{"nesting_mode":"list","block":{"attributes":{"enabled":{"type":"bool","description":"Enable notification in MS teams. Defaults to `true`.","description_kind":"markdown","optional":true},"id":{"type":"string","description":"MS teams channel id. Alerts will be directed to this channel in Microsoft teams.","description_kind":"markdown","optional":true}},"description":"MS teams-specific settings for a route.","description_kind":"markdown"},"max_items":1},"slack":{"nesting_mode":"list","block":{"attributes":{"channel_id":{"type":"string","description":"Slack channel id. Alerts will be directed to this channel in Slack.","description_kind":"markdown","optional":true},"enabled":{"type":"bool","description":"Enable notification in Slack. Defaults to `true`.","description_kind":"markdown","optional":true}},"description":"Slack-specific settings for a route.","description_kind":"markdown"},"max_items":1},"telegram":{"nesting_mode":"list","block":{"attributes":{"enabled":{"type":"bool","description":"Enable notification in Telegram. Defaults to `true`.","description_kind":"markdown","optional":true},"id":{"type":"string","description":"Telegram channel id. Alerts will be directed to this channel in Telegram.","description_kind":"markdown","optional":true}},"description":"Telegram-specific settings for a route.","description_kind":"markdown"},"max_items":1}},"description":"The Default route for all alerts from the given integration","description_kind":"markdown"},"min_items":1,"max_items":1},"templates":{"nesting_mode":"list","block":{"attributes":{"acknowledge_signal":{"type":"string","description":"Template for sending a signal to acknowledge the Incident.","description_kind":"markdown","optional":true},"grouping_key":{"type":"string","description":"Template for the key by which alerts are grouped.","description_kind":"markdown","optional":true},"resolve_signal":{"type":"string","description":"Template for sending a signal to resolve the Incident.","description_kind":"markdown","optional":true},"source_link":{"type":"string","description":"Template for a source link.","description_kind":"markdown","optional":true}},"block_types":{"email":{"nesting_mode":"list","block":{"attributes":{"message":{"type":"string","description":"Template for Alert message.","description_kind":"markdown","optional":true},"title":{"type":"string","description":"Template for Alert title.","description_kind":"markdown","optional":true}},"description":"Templates for Email.","description_kind":"markdown"},"max_items":1},"microsoft_teams":{"nesting_mode":"list","block":{"attributes":{"image_url":{"type":"string","description":"Template for Alert image url.","description_kind":"markdown","optional":true},"message":{"type":"string","description":"Template for Alert message.","description_kind":"markdown","optional":true},"title":{"type":"string","description":"Template for Alert title.","description_kind":"markdown","optional":true}},"description":"Templates for Microsoft Teams.","description_kind":"markdown"},"max_items":1},"phone_call":{"nesting_mode":"list","block":{"attributes":{"title":{"type":"string","description":"Template for Alert title.","description_kind":"markdown","optional":true}},"description":"Templates for Phone Call.","description_kind":"markdown"},"max_items":1},"slack":{"nesting_mode":"list","block":{"attributes":{"image_url":{"type":"string","description":"Template for Alert image url.","description_kind":"markdown","optional":true},"message":{"type":"string","description":"Template for Alert message.","description_kind":"markdown","optional":true},"title":{"type":"string","description":"Template for Alert title.","description_kind":"markdown","optional":true}},"description":"Templates for Slack.","description_kind":"markdown"},"max_items":1},"sms":{"nesting_mode":"list","block":{"attributes":{"title":{"type":"string","description":"Template for Alert title.","description_kind":"markdown","optional":true}},"description":"Templates for SMS.","description_kind":"markdown"},"max_items":1},"telegram":{"nesting_mode":"list","block":{"attributes":{"image_url":{"type":"string","description":"Template for Alert image url.","description_kind":"markdown","optional":true},"message":{"type":"string","description":"Template for Alert message.","description_kind":"markdown","optional":true},"title":{"type":"string","description":"Template for Alert title.","description_kind":"markdown","optional":true}},"description":"Templates for Telegram.","description_kind":"markdown"},"max_items":1},"web":{"nesting_mode":"list","block":{"attributes":{"image_url":{"type":"string","description":"Template for Alert image url.","description_kind":"markdown","optional":true},"message":{"type":"string","description":"Template for Alert message.","description_kind":"markdown","optional":true},"title":{"type":"string","description":"Template for Alert title.","description_kind":"markdown","optional":true}},"description":"Templates for Web.","description_kind":"markdown"},"max_items":1}},"description":"Jinja2 templates for Alert payload.","description_kind":"markdown"},"max_items":1}},"description":"\n* [Official documentation](https://grafana.com/docs/grafana-cloud/oncall/integrations/)\n* [HTTP API](https://grafana.com/docs/grafana-cloud/oncall/oncall-api-reference/)\n","description_kind":"markdown"}},"grafana_oncall_on_call_shift":{"version":0,"block":{"attributes":{"by_day":{"type":["set","string"],"description":"This parameter takes a list of days in iCal format. Can be MO, TU, WE, TH, FR, SA, SU","description_kind":"markdown","optional":true},"by_month":{"type":["set","number"],"description":"This parameter takes a list of months. Valid values are 1 to 12","description_kind":"markdown","optional":true},"by_monthday":{"type":["set","number"],"description":"This parameter takes a list of days of the month.  Valid values are 1 to 31 or -31 to -1","description_kind":"markdown","optional":true},"duration":{"type":"number","description":"The duration of the event.","description_kind":"markdown","required":true},"frequency":{"type":"string","description":"The frequency of the event. Can be daily, weekly, monthly","description_kind":"markdown","optional":true},"id":{"type":"string","description_kind":"plain","optional":true,"computed":true},"interval":{"type":"number","description":"The positive integer representing at which intervals the recurrence rule repeats.","description_kind":"markdown","optional":true},"level":{"type":"number","description":"The priority level. The higher the value, the higher the priority.","description_kind":"markdown","optional":true},"name":{"type":"string","description":"The shift's name.","description_kind":"markdown","required":true},"rolling_users":{"type":["list",["set","string"]],"description":"The list of lists with on-call users (for rolling_users event type)","description_kind":"markdown","optional":true},"start":{"type":"string","description":"The start time of the on-call shift. This parameter takes a date format as yyyy-MM-dd'T'HH:mm:ss (for example \"2020-09-05T08:00:00\")","description_kind":"markdown","required":true},"start_rotation_from_user_index":{"type":"number","description":"The index of the list of users in rolling_users, from which on-call rotation starts.","description_kind":"markdown","optional":true},"team_id":{"type":"string","description":"The ID of the OnCall team. To get one, create a team in Grafana, and navigate to the OnCall plugin (to sync the team with OnCall). You can then get the ID using the `grafana_oncall_team` datasource.","description_kind":"markdown","optional":true},"time_zone":{"type":"string","description":"The shift's timezone.  Overrides schedule's timezone.","description_kind":"markdown","optional":true},"type":{"type":"string","description":"The shift's type. Can be rolling_users, recurrent_event, single_event","description_kind":"markdown","required":true},"users":{"type":["set","string"],"description":"The list of on-call users (for single_event and recurrent_event event type).","description_kind":"markdown","optional":true},"week_start":{"type":"string","description":"Start day of the week in iCal format. Can be MO, TU, WE, TH, FR, SA, SU","description_kind":"markdown","optional":true}},"description":"\n* [HTTP API](https://grafana.com/docs/grafana-cloud/oncall/oncall-api-reference/on_call_shifts/)\n","description_kind":"markdown"}},"grafana_oncall_outgoing_webhook":{"version":0,"block":{"attributes":{"authorization_header":{"type":"string","description":"The auth data of the webhook. Used in Authorization header instead of user/password auth.","description_kind":"markdown","optional":true},"data":{"type":"string","description":"The data of the webhook.","description_kind":"markdown","optional":true},"forward_whole_payload":{"type":"bool","description":"Forwards whole payload of the alert to the webhook's url as POST data.","description_kind":"markdown","optional":true},"id":{"type":"string","description_kind":"plain","optional":true,"computed":true},"name":{"type":"string","description":"The name of the outgoing webhook.","description_kind":"markdown","required":true},"password":{"type":"string","description":"The auth data of the webhook. Used for Basic authentication","description_kind":"markdown","optional":true},"team_id":{"type":"string","description":"The ID of the OnCall team. To get one, create a team in Grafana, and navigate to the OnCall plugin (to sync the team with OnCall). You can then get the ID using the `grafana_oncall_team` datasource.","description_kind":"markdown","optional":true},"url":{"type":"string","description":"The webhook URL.","description_kind":"markdown","required":true},"user":{"type":"string","description":"The auth data of the webhook. Used for Basic authentication.","description_kind":"markdown","optional":true}},"description":"\n* [HTTP API](https://grafana.com/docs/grafana-cloud/oncall/oncall-api-reference/outgoing_webhooks/)\n","description_kind":"markdown"}},"grafana_oncall_route":{"version":0,"block":{"attributes":{"escalation_chain_id":{"type":"string","description":"The ID of the escalation chain.","description_kind":"markdown","required":true},"id":{"type":"string","description_kind":"plain","optional":true,"computed":true},"integration_id":{"type":"string","description":"The ID of the integration.","description_kind":"markdown","required":true},"position":{"type":"number","description":"The position of the route (starts from 0).","description_kind":"markdown","required":true},"routing_regex":{"type":"string","description":"Python Regex query. Route is chosen for an alert if there is a match inside the alert payload.","description_kind":"markdown","required":true}},"block_types":{"msteams":{"nesting_mode":"list","block":{"attributes":{"enabled":{"type":"bool","description":"Enable notification in MS teams. Defaults to `true`.","description_kind":"markdown","optional":true},"id":{"type":"string","description":"MS teams channel id. Alerts will be directed to this channel in Microsoft teams.","description_kind":"markdown","optional":true}},"description":"MS teams-specific settings for a route.","description_kind":"markdown"},"max_items":1},"slack":{"nesting_mode":"list","block":{"attributes":{"channel_id":{"type":"string","description":"Slack channel id. Alerts will be directed to this channel in Slack.","description_kind":"markdown","optional":true},"enabled":{"type":"bool","description":"Enable notification in Slack. Defaults to `true`.","description_kind":"markdown","optional":true}},"description":"Slack-specific settings for a route.","description_kind":"markdown"},"max_items":1},"telegram":{"nesting_mode":"list","block":{"attributes":{"enabled":{"type":"bool","description":"Enable notification in Telegram. Defaults to `true`.","description_kind":"markdown","optional":true},"id":{"type":"string","description":"Telegram channel id. Alerts will be directed to this channel in Telegram.","description_kind":"markdown","optional":true}},"description":"Telegram-specific settings for a route.","description_kind":"markdown"},"max_items":1}},"description":"\n* [HTTP API](https://grafana.com/docs/grafana-cloud/oncall/oncall-api-reference/routes/)\n","description_kind":"markdown"}},"grafana_oncall_schedule":{"version":0,"block":{"attributes":{"ical_url_overrides":{"type":"string","description":"The URL of external iCal calendar which override primary events.","description_kind":"markdown","optional":true},"ical_url_primary":{"type":"string","description":"The URL of the external calendar iCal file.","description_kind":"markdown","optional":true},"id":{"type":"string","description_kind":"plain","optional":true,"computed":true},"name":{"type":"string","description":"The schedule's name.","description_kind":"markdown","required":true},"shifts":{"type":["set","string"],"description":"The list of ID's of on-call shifts.","description_kind":"markdown","optional":true},"team_id":{"type":"string","description":"The ID of the OnCall team. To get one, create a team in Grafana, and navigate to the OnCall plugin (to sync the team with OnCall). You can then get the ID using the `grafana_oncall_team` datasource.","description_kind":"markdown","optional":true},"time_zone":{"type":"string","description":"The schedule's time zone.","description_kind":"markdown","optional":true},"type":{"type":"string","description":"The schedule's type.","description_kind":"markdown","required":true}},"block_types":{"slack":{"nesting_mode":"list","block":{"attributes":{"channel_id":{"type":"string","description":"Slack channel id. Reminder about schedule shifts will be directed to this channel in Slack.","description_kind":"markdown","optional":true},"user_group_id":{"type":"string","description":"Slack user group id. Members of user group will be updated when on-call users change.","description_kind":"markdown","optional":true}},"description":"The Slack-specific settings for a schedule.","description_kind":"markdown"},"max_items":1}},"description":"\n* [HTTP API](https://grafana.com/docs/grafana-cloud/oncall/oncall-api-reference/schedules/)\n","description_kind":"markdown"}},"grafana_organization":{"version":0,"block":{"attributes":{"admin_user":{"type":"string","description":"The login name of the configured default admin user for the Grafana\ninstallation. If unset, this value defaults to admin, the Grafana default.\nGrafana adds the default admin user to all organizations automatically upon\ncreation, and this parameter keeps Terraform from removing it from\norganizations.\n Defaults to `admin`.","description_kind":"markdown","optional":true},"admins":{"type":["set","string"],"description":"A list of email addresses corresponding to users who should be given admin\naccess to the organization. Note: users specified here must already exist in\nGrafana unless 'create_users' is set to true.","description_kind":"markdown","optional":true},"create_users":{"type":"bool","description":"Whether or not to create Grafana users specified in the organization's\nmembership if they don't already exist in Grafana. If unspecified, this\nparameter defaults to true, creating placeholder users with the name, login,\nand email set to the email of the user, and a random password. Setting this\noption to false will cause an error to be thrown for any users that do not\nalready exist in Grafana.\n Defaults to `true`.","description_kind":"markdown","optional":true},"editors":{"type":["set","string"],"description":"A list of email addresses corresponding to users who should be given editor\naccess to the organization. Note: users specified here must already exist in\nGrafana unless 'create_users' is set to true.","description_kind":"markdown","optional":true},"id":{"type":"string","description_kind":"plain","optional":true,"computed":true},"name":{"type":"string","description":"The display name for the Grafana organization created.","description_kind":"markdown","required":true},"org_id":{"type":"number","description":"The organization id assigned to this organization by Grafana.","description_kind":"markdown","computed":true},"viewers":{"type":["set","string"],"description":"A list of email addresses corresponding to users who should be given viewer\naccess to the organization. Note: users specified here must already exist in\nGrafana unless 'create_users' is set to true.","description_kind":"markdown","optional":true}},"description":"\n* [Official documentation](https://grafana.com/docs/grafana/latest/administration/organization-management/)\n* [HTTP API](https://grafana.com/docs/grafana/latest/developers/http_api/org/)\n","description_kind":"markdown"}},"grafana_organization_preferences":{"version":0,"block":{"attributes":{"home_dashboard_id":{"type":"number","description":"The Organization home dashboard ID.","description_kind":"markdown","optional":true},"home_dashboard_uid":{"type":"string","description":"The Organization home dashboard UID. This is only available in Grafana 9.0+.","description_kind":"markdown","optional":true},"id":{"type":"string","description_kind":"plain","optional":true,"computed":true},"org_id":{"type":"string","description":"The Organization ID. If not set, the Org ID defined in the provider block will be used.","description_kind":"markdown","optional":true},"theme":{"type":"string","description":"The Organization theme. Available values are `light`, `dark`, or an empty string for the default.","description_kind":"markdown","optional":true},"timezone":{"type":"string","description":"The Organization timezone. Available values are `utc`, `browser`, or an empty string for the default.","description_kind":"markdown","optional":true},"week_start":{"type":"string","description":"The Organization week start.","description_kind":"markdown","optional":true}},"description":"\n* [Official documentation](https://grafana.com/docs/grafana/latest/administration/organization-management/)\n* [HTTP API](https://grafana.com/docs/grafana/latest/developers/http_api/preferences/#get-current-org-prefs)\n","description_kind":"markdown"}},"grafana_playlist":{"version":0,"block":{"attributes":{"id":{"type":"string","description_kind":"plain","optional":true,"computed":true},"interval":{"type":"string","description_kind":"plain","required":true},"name":{"type":"string","description":"The name of the playlist.","description_kind":"markdown","required":true},"org_id":{"type":"string","description":"The Organization ID. If not set, the Org ID defined in the provider block will be used.","description_kind":"markdown","optional":true}},"block_types":{"item":{"nesting_mode":"set","block":{"attributes":{"id":{"type":"string","description_kind":"plain","computed":true},"order":{"type":"number","description_kind":"plain","required":true},"title":{"type":"string","description_kind":"plain","required":true},"type":{"type":"string","description_kind":"plain","optional":true},"value":{"type":"string","description_kind":"plain","optional":true}},"description_kind":"plain"},"min_items":1}},"description":"\n* [Official documentation](https://grafana.com/docs/grafana/latest/dashboards/create-manage-playlists/)\n* [HTTP API](https://grafana.com/docs/grafana/latest/developers/http_api/playlist/)\n","description_kind":"markdown"}},"grafana_report":{"version":0,"block":{"attributes":{"dashboard_id":{"type":"number","description":"Dashboard to be sent in the report. This field is deprecated, use `dashboard_uid` instead.","description_kind":"markdown","deprecated":true,"optional":true,"computed":true},"dashboard_uid":{"type":"string","description":"Dashboard to be sent in the report.","description_kind":"markdown","optional":true,"computed":true},"id":{"type":"string","description":"Generated identifier of the report.","description_kind":"markdown","computed":true},"include_dashboard_link":{"type":"bool","description":"Whether to include a link to the dashboard in the report. Defaults to `true`.","description_kind":"markdown","optional":true},"include_table_csv":{"type":"bool","description":"Whether to include a CSV file of table panel data. Defaults to `false`.","description_kind":"markdown","optional":true},"layout":{"type":"string","description":"Layout of the report. Allowed values: `simple`, `grid`. Defaults to `grid`.","description_kind":"markdown","optional":true},"message":{"type":"string","description":"Message to be sent in the report.","description_kind":"markdown","optional":true},"name":{"type":"string","description":"Name of the report.","description_kind":"markdown","required":true},"orientation":{"type":"string","description":"Orientation of the report. Allowed values: `landscape`, `portrait`. Defaults to `landscape`.","description_kind":"markdown","optional":true},"recipients":{"type":["list","string"],"description":"List of recipients of the report.","description_kind":"markdown","required":true},"reply_to":{"type":"string","description":"Reply-to email address of the report.","description_kind":"markdown","optional":true}},"block_types":{"schedule":{"nesting_mode":"list","block":{"attributes":{"custom_interval":{"type":"string","description":"Custom interval of the report.\n**Note:** This field is only available when frequency is set to `custom`.","description_kind":"markdown","optional":true},"end_time":{"type":"string","description":"End time of the report. If empty, the report will be sent indefinitely (according to frequency). Note that times will be saved as UTC in Grafana.","description_kind":"markdown","optional":true},"frequency":{"type":"string","description":"Frequency of the report. Allowed values: `never`, `once`, `hourly`, `daily`, `weekly`, `monthly`, `custom`.","description_kind":"markdown","required":true},"last_day_of_month":{"type":"bool","description":"Send the report on the last day of the month Defaults to `false`.","description_kind":"markdown","optional":true},"start_time":{"type":"string","description":"Start time of the report. If empty, the start date will be set to the creation time. Note that times will be saved as UTC in Grafana.","description_kind":"markdown","optional":true},"workdays_only":{"type":"bool","description":"Whether to send the report only on work days. Defaults to `false`.","description_kind":"markdown","optional":true}},"description":"Schedule of the report.","description_kind":"markdown"},"min_items":1,"max_items":1},"time_range":{"nesting_mode":"list","block":{"attributes":{"from":{"type":"string","description":"Start of the time range.","description_kind":"markdown","optional":true},"to":{"type":"string","description":"End of the time range.","description_kind":"markdown","optional":true}},"description":"Time range of the report.","description_kind":"markdown"},"max_items":1}},"description":"\n**Note:** This resource is available only with Grafana Enterprise 7.+.\n\n* [Official documentation](https://grafana.com/docs/grafana/latest/dashboards/create-reports/)\n* [HTTP API](https://grafana.com/docs/grafana/latest/developers/http_api/reporting/)\n","description_kind":"markdown"}},"grafana_role":{"version":0,"block":{"attributes":{"description":{"type":"string","description":"Description of the role.","description_kind":"markdown","optional":true},"display_name":{"type":"string","description":"Display name of the role. Available with Grafana 8.5+.","description_kind":"markdown","optional":true},"global":{"type":"bool","description":"Boolean to state whether the role is available across all organizations or not. Defaults to `false`.","description_kind":"markdown","optional":true},"group":{"type":"string","description":"Group of the role. Available with Grafana 8.5+.","description_kind":"markdown","optional":true},"hidden":{"type":"bool","description":"Boolean to state whether the role should be visible in the Grafana UI or not. Available with Grafana 8.5+. Defaults to `false`.","description_kind":"markdown","optional":true},"id":{"type":"string","description_kind":"plain","optional":true,"computed":true},"name":{"type":"string","description":"Name of the role","description_kind":"markdown","required":true},"uid":{"type":"string","description":"Unique identifier of the role. Used for assignments.","description_kind":"markdown","optional":true,"computed":true},"version":{"type":"number","description":"Version of the role. A role is updated only on version increase.","description_kind":"markdown","required":true}},"block_types":{"permissions":{"nesting_mode":"set","block":{"attributes":{"action":{"type":"string","description":"Specific action users granted with the role will be allowed to perform (for example: `users:read`)","description_kind":"markdown","required":true},"scope":{"type":"string","description":"Scope to restrict the action to a set of resources (for example: `users:*` or `roles:customrole1`) Defaults to ``.","description_kind":"markdown","optional":true}},"description":"Specific set of actions granted by the role.","description_kind":"markdown"}}},"description":"\n**Note:** This resource is available only with Grafana Enterprise 8.+.\n\n* [Official documentation](https://grafana.com/docs/grafana/latest/administration/roles-and-permissions/access-control/)\n* [HTTP API](https://grafana.com/docs/grafana/latest/developers/http_api/access_control/)\n","description_kind":"markdown"}},"grafana_role_assignment":{"version":0,"block":{"attributes":{"id":{"type":"string","description_kind":"plain","optional":true,"computed":true},"role_uid":{"type":"string","description":"Grafana RBAC role UID.","description_kind":"markdown","required":true},"service_accounts":{"type":["set","number"],"description":"IDs of service accounts that the role should be assigned to.","description_kind":"markdown","optional":true},"teams":{"type":["set","number"],"description":"IDs of teams that the role should be assigned to.","description_kind":"markdown","optional":true},"users":{"type":["set","number"],"description":"IDs of users that the role should be assigned to.","description_kind":"markdown","optional":true}},"description":"\n**Note:** This resource is available only with Grafana Enterprise 9.2+.\n* [Official documentation](https://grafana.com/docs/grafana/latest/administration/roles-and-permissions/access-control/)\n* [HTTP API](https://grafana.com/docs/grafana/latest/developers/http_api/access_control/)\n","description_kind":"markdown"}},"grafana_rule_group":{"version":0,"block":{"attributes":{"folder_uid":{"type":"string","description":"The UID of the folder that the group belongs to.","description_kind":"markdown","required":true},"id":{"type":"string","description_kind":"plain","optional":true,"computed":true},"interval_seconds":{"type":"number","description":"The interval, in seconds, at which all rules in the group are evaluated. If a group contains many rules, the rules are evaluated sequentially.","description_kind":"markdown","required":true},"name":{"type":"string","description":"The name of the rule group.","description_kind":"markdown","required":true},"org_id":{"type":"string","description":"The ID of the org to which the group belongs.","description_kind":"markdown","required":true}},"block_types":{"rule":{"nesting_mode":"list","block":{"attributes":{"annotations":{"type":["map","string"],"description":"Key-value pairs of metadata to attach to the alert rule that may add user-defined context, but cannot be used for matching, grouping, or routing. Defaults to `map[]`.","description_kind":"markdown","optional":true},"condition":{"type":"string","description":"The `ref_id` of the query node in the `data` field to use as the alert condition.","description_kind":"markdown","required":true},"exec_err_state":{"type":"string","description":"Describes what state to enter when the rule's query is invalid and the rule cannot be executed. Options are OK, Error, and Alerting. Defaults to `Alerting`.","description_kind":"markdown","optional":true},"for":{"type":"string","description":"The amount of time for which the rule must be breached for the rule to be considered to be Firing. Before this time has elapsed, the rule is only considered to be Pending. Defaults to `0`.","description_kind":"markdown","optional":true},"is_paused":{"type":"bool","description":"Sets whether the alert should be paused or not. Defaults to `false`.","description_kind":"markdown","optional":true},"labels":{"type":["map","string"],"description":"Key-value pairs to attach to the alert rule that can be used in matching, grouping, and routing. Defaults to `map[]`.","description_kind":"markdown","optional":true},"name":{"type":"string","description":"The name of the alert rule.","description_kind":"markdown","required":true},"no_data_state":{"type":"string","description":"Describes what state to enter when the rule's query returns No Data. Options are OK, NoData, and Alerting. Defaults to `NoData`.","description_kind":"markdown","optional":true},"uid":{"type":"string","description":"The unique identifier of the alert rule.","description_kind":"markdown","computed":true}},"block_types":{"data":{"nesting_mode":"list","block":{"attributes":{"datasource_uid":{"type":"string","description":"The UID of the datasource being queried, or \"-100\" if this stage is an expression stage.","description_kind":"markdown","required":true},"model":{"type":"string","description":"Custom JSON data to send to the specified datasource when querying.","description_kind":"markdown","required":true},"query_type":{"type":"string","description":"An optional identifier for the type of query being executed. Defaults to ``.","description_kind":"markdown","optional":true},"ref_id":{"type":"string","description":"A unique string to identify this query stage within a rule.","description_kind":"markdown","required":true}},"block_types":{"relative_time_range":{"nesting_mode":"list","block":{"attributes":{"from":{"type":"number","description":"The number of seconds in the past, relative to when the rule is evaluated, at which the time range begins.","description_kind":"markdown","required":true},"to":{"type":"number","description":"The number of seconds in the past, relative to when the rule is evaluated, at which the time range ends.","description_kind":"markdown","required":true}},"description":"The time range, relative to when the query is executed, across which to query.","description_kind":"markdown"},"min_items":1,"max_items":1}},"description":"A sequence of stages that describe the contents of the rule.","description_kind":"markdown"},"min_items":1}},"description":"The rules within the group.","description_kind":"markdown"},"min_items":1}},"description":"\nManages Grafana Alerting rule groups.\n\n* [Official documentation](https://grafana.com/docs/grafana/latest/alerting/alerting-rules/)\n* [HTTP API](https://grafana.com/docs/grafana/latest/developers/http_api/alerting_provisioning/#alert-rules)\n\nThis resource requires Grafana 9.1.0 or later.\n","description_kind":"markdown"}},"grafana_service_account":{"version":0,"block":{"attributes":{"id":{"type":"string","description_kind":"plain","optional":true,"computed":true},"is_disabled":{"type":"bool","description":"The disabled status for the service account. Defaults to `false`.","description_kind":"markdown","optional":true},"name":{"type":"string","description":"The name of the service account.","description_kind":"markdown","required":true},"org_id":{"type":"string","description":"The Organization ID. If not set, the Org ID defined in the provider block will be used.","description_kind":"markdown","optional":true},"role":{"type":"string","description":"The basic role of the service account in the organization.","description_kind":"markdown","optional":true}},"description":"\n**Note:** This resource is available only with Grafana 9.1+.\n\n* [Official documentation](https://grafana.com/docs/grafana/latest/administration/service-accounts/)\n* [HTTP API](https://grafana.com/docs/grafana/latest/developers/http_api/serviceaccount/#service-account-api)","description_kind":"markdown"}},"grafana_service_account_permission":{"version":0,"block":{"attributes":{"id":{"type":"string","description_kind":"plain","optional":true,"computed":true},"service_account_id":{"type":"string","description":"The id of the service account.","description_kind":"markdown","required":true}},"block_types":{"permissions":{"nesting_mode":"set","block":{"attributes":{"permission":{"type":"string","description":"Permission to associate with item. Must be `Edit` or `Admin`.","description_kind":"markdown","required":true},"team_id":{"type":"number","description":"ID of the team to manage permissions for. Specify either this or `user_id`. Defaults to `0`.","description_kind":"markdown","optional":true},"user_id":{"type":"number","description":"ID of the user to manage permissions for. Specify either this or `team_id`. Defaults to `0`.","description_kind":"markdown","optional":true}},"description":"The permission items to add/update. Items that are omitted from the list will be removed.","description_kind":"markdown"},"min_items":1}},"description":"\n**Note:** This resource is available from Grafana 9.2.4 onwards.\n\n* [Official documentation](https://grafana.com/docs/grafana/latest/administration/service-accounts/#manage-users-and-teams-permissions-for-a-service-account-in-grafana)","description_kind":"markdown"}},"grafana_service_account_token":{"version":0,"block":{"attributes":{"expiration":{"type":"string","description_kind":"plain","computed":true},"has_expired":{"type":"bool","description_kind":"plain","computed":true},"id":{"type":"string","description_kind":"plain","optional":true,"computed":true},"key":{"type":"string","description_kind":"plain","computed":true,"sensitive":true},"name":{"type":"string","description_kind":"plain","required":true},"seconds_to_live":{"type":"number","description_kind":"plain","optional":true},"service_account_id":{"type":"string","description_kind":"plain","required":true}},"description":"\n**Note:** This resource is available only with Grafana 9.1+.\n\n* [Official documentation](https://grafana.com/docs/grafana/latest/administration/service-accounts/)\n* [HTTP API](https://grafana.com/docs/grafana/latest/developers/http_api/serviceaccount/#service-account-api)","description_kind":"markdown"}},"grafana_synthetic_monitoring_check":{"version":0,"block":{"attributes":{"alert_sensitivity":{"type":"string","description":"Can be set to `none`, `low`, `medium`, or `high` to correspond to the check [alert levels](https://grafana.com/docs/grafana-cloud/synthetic-monitoring/synthetic-monitoring-alerting/). Defaults to `none`.","description_kind":"markdown","optional":true},"basic_metrics_only":{"type":"bool","description":"Metrics are reduced by default. Set this to `false` if you'd like to publish all metrics. We maintain a [full list of metrics](https://github.com/grafana/synthetic-monitoring-agent/tree/main/internal/scraper/testdata) collected for each. Defaults to `true`.","description_kind":"markdown","optional":true},"enabled":{"type":"bool","description":"Whether to enable the check. Defaults to `true`.","description_kind":"markdown","optional":true},"frequency":{"type":"number","description":"How often the check runs in milliseconds (the value is not truly a \"frequency\" but a \"period\"). The minimum acceptable value is 1 second (1000 ms), and the maximum is 120 seconds (120000 ms). Defaults to `60000`.","description_kind":"markdown","optional":true},"id":{"type":"string","description":"The ID of the check.","description_kind":"markdown","computed":true},"job":{"type":"string","description":"Name used for job label.","description_kind":"markdown","required":true},"labels":{"type":["map","string"],"description":"Custom labels to be included with collected metrics and logs. The maximum number of labels that can be specified per check is 5. These are applied, along with the probe-specific labels, to the outgoing metrics. The names and values of the labels cannot be empty, and the maximum length is 32 bytes.","description_kind":"markdown","optional":true},"probes":{"type":["set","number"],"description":"List of probe location IDs where this target will be checked from.","description_kind":"markdown","required":true},"target":{"type":"string","description":"Hostname to ping.","description_kind":"markdown","required":true},"tenant_id":{"type":"number","description":"The tenant ID of the check.","description_kind":"markdown","computed":true},"timeout":{"type":"number","description":"Specifies the maximum running time for the check in milliseconds. The minimum acceptable value is 1 second (1000 ms), and the maximum 10 seconds (10000 ms). Defaults to `3000`.","description_kind":"markdown","optional":true}},"block_types":{"settings":{"nesting_mode":"set","block":{"block_types":{"dns":{"nesting_mode":"set","block":{"attributes":{"ip_version":{"type":"string","description":"Options are `V4`, `V6`, `Any`. Specifies whether the corresponding check will be performed using IPv4 or IPv6. The `Any` value indicates that IPv6 should be used, falling back to IPv4 if that's not available. Defaults to `V4`.","description_kind":"markdown","optional":true},"port":{"type":"number","description":"Port to target. Defaults to `53`.","description_kind":"markdown","optional":true},"protocol":{"type":"string","description":"`TCP` or `UDP`. Defaults to `UDP`.","description_kind":"markdown","optional":true},"record_type":{"type":"string","description":"One of `ANY`, `A`, `AAAA`, `CNAME`, `MX`, `NS`, `PTR`, `SOA`, `SRV`, `TXT`. Defaults to `A`.","description_kind":"markdown","optional":true},"server":{"type":"string","description":"DNS server address to target. Defaults to `8.8.8.8`.","description_kind":"markdown","optional":true},"source_ip_address":{"type":"string","description":"Source IP address.","description_kind":"markdown","optional":true},"valid_r_codes":{"type":["set","string"],"description":"List of valid response codes. Options include `NOERROR`, `BADALG`, `BADMODE`, `BADKEY`, `BADCOOKIE`, `BADNAME`, `BADSIG`, `BADTIME`, `BADTRUNC`, `BADVERS`, `FORMERR`, `NOTIMP`, `NOTAUTH`, `NOTZONE`, `NXDOMAIN`, `NXRRSET`, `REFUSED`, `SERVFAIL`, `YXDOMAIN`, `YXRRSET`.","description_kind":"markdown","optional":true}},"block_types":{"validate_additional_rrs":{"nesting_mode":"set","block":{"attributes":{"fail_if_matches_regexp":{"type":["set","string"],"description":"Fail if value matches regex.","description_kind":"markdown","optional":true},"fail_if_not_matches_regexp":{"type":["set","string"],"description":"Fail if value does not match regex.","description_kind":"markdown","optional":true}},"description":"Validate additional matches.","description_kind":"markdown"}},"validate_answer_rrs":{"nesting_mode":"set","block":{"attributes":{"fail_if_matches_regexp":{"type":["set","string"],"description":"Fail if value matches regex.","description_kind":"markdown","optional":true},"fail_if_not_matches_regexp":{"type":["set","string"],"description":"Fail if value does not match regex.","description_kind":"markdown","optional":true}},"description":"Validate response answer.","description_kind":"markdown"},"max_items":1},"validate_authority_rrs":{"nesting_mode":"set","block":{"attributes":{"fail_if_matches_regexp":{"type":["set","string"],"description":"Fail if value matches regex.","description_kind":"markdown","optional":true},"fail_if_not_matches_regexp":{"type":["set","string"],"description":"Fail if value does not match regex.","description_kind":"markdown","optional":true}},"description":"Validate response authority.","description_kind":"markdown"},"max_items":1}},"description":"Settings for DNS check. The target must be a valid hostname (or IP address for `PTR` records).","description_kind":"markdown"},"max_items":1},"http":{"nesting_mode":"set","block":{"attributes":{"bearer_token":{"type":"string","description":"Token for use with bearer authorization header.","description_kind":"markdown","optional":true},"body":{"type":"string","description":"The body of the HTTP request used in probe.","description_kind":"markdown","optional":true},"cache_busting_query_param_name":{"type":"string","description":"The name of the query parameter used to prevent the server from using a cached response. Each probe will assign a random value to this parameter each time a request is made.","description_kind":"markdown","optional":true},"fail_if_body_matches_regexp":{"type":["set","string"],"description":"List of regexes. If any match the response body, the check will fail.","description_kind":"markdown","optional":true},"fail_if_body_not_matches_regexp":{"type":["set","string"],"description":"List of regexes. If any do not match the response body, the check will fail.","description_kind":"markdown","optional":true},"fail_if_not_ssl":{"type":"bool","description":"Fail if SSL is not present. Defaults to `false`.","description_kind":"markdown","optional":true},"fail_if_ssl":{"type":"bool","description":"Fail if SSL is present. Defaults to `false`.","description_kind":"markdown","optional":true},"headers":{"type":["set","string"],"description":"The HTTP headers set for the probe.","description_kind":"markdown","optional":true},"ip_version":{"type":"string","description":"Options are `V4`, `V6`, `Any`. Specifies whether the corresponding check will be performed using IPv4 or IPv6. The `Any` value indicates that IPv6 should be used, falling back to IPv4 if that's not available. Defaults to `V4`.","description_kind":"markdown","optional":true},"method":{"type":"string","description":"Request method. One of `GET`, `CONNECT`, `DELETE`, `HEAD`, `OPTIONS`, `POST`, `PUT`, `TRACE` Defaults to `GET`.","description_kind":"markdown","optional":true},"no_follow_redirects":{"type":"bool","description":"Do not follow redirects. Defaults to `false`.","description_kind":"markdown","optional":true},"proxy_url":{"type":"string","description":"Proxy URL.","description_kind":"markdown","optional":true},"valid_http_versions":{"type":["set","string"],"description":"List of valid HTTP versions. Options include `HTTP/1.0`, `HTTP/1.1`, `HTTP/2`","description_kind":"markdown","optional":true},"valid_status_codes":{"type":["set","number"],"description":"Accepted status codes. If unset, defaults to 2xx.","description_kind":"markdown","optional":true}},"block_types":{"basic_auth":{"nesting_mode":"set","block":{"attributes":{"password":{"type":"string","description":"Basic auth password.","description_kind":"markdown","required":true},"username":{"type":"string","description":"Basic auth username.","description_kind":"markdown","required":true}},"description":"Basic auth settings.","description_kind":"markdown"},"max_items":1},"fail_if_header_matches_regexp":{"nesting_mode":"set","block":{"attributes":{"allow_missing":{"type":"bool","description":"Allow header to be missing from responses. Defaults to `false`.","description_kind":"markdown","optional":true},"header":{"type":"string","description":"Header name.","description_kind":"markdown","required":true},"regexp":{"type":"string","description":"Regex that header value should match.","description_kind":"markdown","required":true}},"description":"Check fails if headers match.","description_kind":"markdown"}},"fail_if_header_not_matches_regexp":{"nesting_mode":"set","block":{"attributes":{"allow_missing":{"type":"bool","description":"Allow header to be missing from responses. Defaults to `false`.","description_kind":"markdown","optional":true},"header":{"type":"string","description":"Header name.","description_kind":"markdown","required":true},"regexp":{"type":"string","description":"Regex that header value should match.","description_kind":"markdown","required":true}},"description":"Check fails if headers do not match.","description_kind":"markdown"}},"tls_config":{"nesting_mode":"set","block":{"attributes":{"ca_cert":{"type":"string","description":"CA certificate in PEM format.","description_kind":"markdown","optional":true},"client_cert":{"type":"string","description":"Client certificate in PEM format.","description_kind":"markdown","optional":true},"client_key":{"type":"string","description":"Client key in PEM format.","description_kind":"markdown","optional":true,"sensitive":true},"insecure_skip_verify":{"type":"bool","description":"Disable target certificate validation. Defaults to `false`.","description_kind":"markdown","optional":true},"server_name":{"type":"string","description":"Used to verify the hostname for the targets.","description_kind":"markdown","optional":true}},"description":"TLS config.","description_kind":"markdown"},"max_items":1}},"description":"Settings for HTTP check. The target must be a URL (http or https).","description_kind":"markdown"},"max_items":1},"ping":{"nesting_mode":"set","block":{"attributes":{"dont_fragment":{"type":"bool","description":"Set the DF-bit in the IP-header. Only works with ipV4. Defaults to `false`.","description_kind":"markdown","optional":true},"ip_version":{"type":"string","description":"Options are `V4`, `V6`, `Any`. Specifies whether the corresponding check will be performed using IPv4 or IPv6. The `Any` value indicates that IPv6 should be used, falling back to IPv4 if that's not available. Defaults to `V4`.","description_kind":"markdown","optional":true},"payload_size":{"type":"number","description":"Payload size. Defaults to `0`.","description_kind":"markdown","optional":true},"source_ip_address":{"type":"string","description":"Source IP address.","description_kind":"markdown","optional":true}},"description":"Settings for ping (ICMP) check. The target must be a valid hostname or IP address.","description_kind":"markdown"},"max_items":1},"tcp":{"nesting_mode":"set","block":{"attributes":{"ip_version":{"type":"string","description":"Options are `V4`, `V6`, `Any`. Specifies whether the corresponding check will be performed using IPv4 or IPv6. The `Any` value indicates that IPv6 should be used, falling back to IPv4 if that's not available. Defaults to `V4`.","description_kind":"markdown","optional":true},"source_ip_address":{"type":"string","description":"Source IP address.","description_kind":"markdown","optional":true},"tls":{"type":"bool","description":"Whether or not TLS is used when the connection is initiated. Defaults to `false`.","description_kind":"markdown","optional":true}},"block_types":{"query_response":{"nesting_mode":"set","block":{"attributes":{"expect":{"type":"string","description":"Response to expect.","description_kind":"markdown","required":true},"send":{"type":"string","description":"Data to send.","description_kind":"markdown","required":true},"start_tls":{"type":"bool","description":"Upgrade TCP connection to TLS. Defaults to `false`.","description_kind":"markdown","optional":true}},"description":"The query sent in the TCP probe and the expected associated response.","description_kind":"markdown"}},"tls_config":{"nesting_mode":"set","block":{"attributes":{"ca_cert":{"type":"string","description":"CA certificate in PEM format.","description_kind":"markdown","optional":true},"client_cert":{"type":"string","description":"Client certificate in PEM format.","description_kind":"markdown","optional":true},"client_key":{"type":"string","description":"Client key in PEM format.","description_kind":"markdown","optional":true,"sensitive":true},"insecure_skip_verify":{"type":"bool","description":"Disable target certificate validation. Defaults to `false`.","description_kind":"markdown","optional":true},"server_name":{"type":"string","description":"Used to verify the hostname for the targets.","description_kind":"markdown","optional":true}},"description":"TLS config.","description_kind":"markdown"},"max_items":1}},"description":"Settings for TCP check. The target must be of the form `\u003chost\u003e:\u003cport\u003e`, where the host portion must be a valid hostname or IP address.","description_kind":"markdown"},"max_items":1},"traceroute":{"nesting_mode":"set","block":{"attributes":{"max_hops":{"type":"number","description":"Maximum TTL for the trace Defaults to `64`.","description_kind":"markdown","optional":true},"max_unknown_hops":{"type":"number","description":"Maximum number of hosts to travers that give no response Defaults to `15`.","description_kind":"markdown","optional":true},"ptr_lookup":{"type":"bool","description":"Reverse lookup hostnames from IP addresses Defaults to `true`.","description_kind":"markdown","optional":true}},"description":"Settings for traceroute check. The target must be a valid hostname or IP address","description_kind":"markdown"},"max_items":1}},"description":"Check settings. Should contain exactly one nested block.","description_kind":"markdown"},"min_items":1,"max_items":1}},"description":"\nSynthetic Monitoring checks are tests that run on selected probes at defined\nintervals and report metrics and logs back to your Grafana Cloud account. The\ntarget for checks can be a domain name, a server, or a website, depending on\nwhat information you would like to gather about your endpoint. You can define\nmultiple checks for a single endpoint to check different capabilities.\n\n* [Official documentation](https://grafana.com/docs/grafana-cloud/synthetic-monitoring/checks/)\n","description_kind":"markdown"}},"grafana_synthetic_monitoring_installation":{"version":0,"block":{"attributes":{"id":{"type":"string","description_kind":"plain","optional":true,"computed":true},"logs_instance_id":{"type":"number","description":"The ID of the logs instance to install SM on (stack's `logs_user_id` attribute).","description_kind":"markdown","required":true},"metrics_instance_id":{"type":"number","description":"The ID of the metrics instance to install SM on (stack's `prometheus_user_id` attribute).","description_kind":"markdown","required":true},"metrics_publisher_key":{"type":"string","description":"The Cloud API Key with the `MetricsPublisher` role used to publish metrics to the SM API","description_kind":"markdown","required":true,"sensitive":true},"sm_access_token":{"type":"string","description":"Generated token to access the SM API.","description_kind":"markdown","computed":true},"stack_id":{"type":"number","description":"The ID of the stack to install SM on.","description_kind":"markdown","required":true}},"description":"\nSets up Synthetic Monitoring on a Grafana cloud stack and generates a token. \nOnce a Grafana Cloud stack is created, a user can either use this resource or go into the UI to install synthetic monitoring.\nThis resource cannot be imported but it can be used on an existing Synthetic Monitoring installation without issues.\n\n* [Official documentation](https://grafana.com/docs/grafana-cloud/synthetic-monitoring/installation/)\n* [API documentation](https://github.com/grafana/synthetic-monitoring-api-go-client/blob/main/docs/API.md#apiv1registerinstall)\n","description_kind":"markdown"}},"grafana_synthetic_monitoring_probe":{"version":0,"block":{"attributes":{"auth_token":{"type":"string","description":"The probe authentication token. Your probe must use this to authenticate with Grafana Cloud.","description_kind":"markdown","computed":true,"sensitive":true},"id":{"type":"string","description":"The ID of the probe.","description_kind":"markdown","computed":true},"labels":{"type":["map","string"],"description":"Custom labels to be included with collected metrics and logs.","description_kind":"markdown","optional":true},"latitude":{"type":"number","description":"Latitude coordinates.","description_kind":"markdown","required":true},"longitude":{"type":"number","description":"Longitude coordinates.","description_kind":"markdown","required":true},"name":{"type":"string","description":"Name of the probe.","description_kind":"markdown","required":true},"public":{"type":"bool","description":"Public probes are run by Grafana Labs and can be used by all users. Only Grafana Labs managed public probes will be set to `true`. Defaults to `false`.","description_kind":"markdown","optional":true},"region":{"type":"string","description":"Region of the probe.","description_kind":"markdown","required":true},"tenant_id":{"type":"number","description":"The tenant ID of the probe.","description_kind":"markdown","computed":true}},"description":"\nBesides the public probes run by Grafana Labs, you can also install your\nown private probes. These are only accessible to you and only write data to\nyour Grafana Cloud account. Private probes are instances of the open source\nGrafana Synthetic Monitoring Agent.\n\n* [Official documentation](https://grafana.com/docs/grafana-cloud/synthetic-monitoring/private-probes/)\n","description_kind":"markdown"}},"grafana_team":{"version":0,"block":{"attributes":{"email":{"type":"string","description":"An email address for the team.","description_kind":"markdown","optional":true},"id":{"type":"string","description_kind":"plain","optional":true,"computed":true},"ignore_externally_synced_members":{"type":"bool","description":"Ignores team members that have been added to team by [Team Sync](https://grafana.com/docs/grafana/latest/setup-grafana/configure-security/configure-team-sync/).\nTeam Sync can be provisioned using [grafana_team_external_group resource](https://registry.terraform.io/providers/grafana/grafana/latest/docs/resources/team_external_group).\n Defaults to `true`.","description_kind":"markdown","optional":true},"members":{"type":["set","string"],"description":"A set of email addresses corresponding to users who should be given membership\nto the team. Note: users specified here must already exist in Grafana.","description_kind":"markdown","optional":true},"name":{"type":"string","description":"The display name for the Grafana team created.","description_kind":"markdown","required":true},"team_id":{"type":"number","description":"The team id assigned to this team by Grafana.","description_kind":"markdown","computed":true}},"block_types":{"preferences":{"nesting_mode":"list","block":{"attributes":{"home_dashboard_uid":{"type":"string","description":"The UID of the dashboard to display when a team member logs in. Defaults to ``.","description_kind":"markdown","optional":true},"theme":{"type":"string","description":"The default theme for this team. Available themes are `light`, `dark`, or an empty string for the default theme. Defaults to ``.","description_kind":"markdown","optional":true},"timezone":{"type":"string","description":"The default timezone for this team. Available values are `utc`, `browser`, or an empty string for the default. Defaults to ``.","description_kind":"markdown","optional":true}},"description_kind":"plain"},"max_items":1}},"description":"\n* [Official documentation](https://grafana.com/docs/grafana/latest/administration/team-management/)\n* [HTTP API](https://grafana.com/docs/grafana/latest/developers/http_api/team/)\n","description_kind":"markdown"}},"grafana_team_external_group":{"version":0,"block":{"attributes":{"groups":{"type":["set","string"],"description":"The team external groups list","description_kind":"markdown","required":true},"id":{"type":"string","description_kind":"plain","optional":true,"computed":true},"team_id":{"type":"number","description":"The Team ID","description_kind":"markdown","required":true}},"description":"\n* [Official documentation](https://grafana.com/docs/grafana/latest/setup-grafana/configure-security/configure-team-sync/)\n* [HTTP API](https://grafana.com/docs/grafana/latest/developers/http_api/external_group_sync/)\n","description_kind":"markdown"}},"grafana_team_preferences":{"version":0,"block":{"attributes":{"home_dashboard_id":{"type":"number","description":"The numeric ID of the dashboard to display when a team member logs in.","description_kind":"markdown","optional":true},"id":{"type":"string","description_kind":"plain","optional":true,"computed":true},"team_id":{"type":"number","description":"The numeric team ID.","description_kind":"markdown","required":true},"theme":{"type":"string","description":"The theme for the specified team. Available themes are `light`, `dark`, or an empty string for the default theme.","description_kind":"markdown","optional":true},"timezone":{"type":"string","description":"The timezone for the specified team. Available values are `utc`, `browser`, or an empty string for the default.","description_kind":"markdown","optional":true}},"description":"\n* [Official documentation](https://grafana.com/docs/grafana/latest/administration/organization-preferences/)\n* [HTTP API](https://grafana.com/docs/grafana/latest/developers/http_api/team/)\n","description_kind":"markdown","deprecated":true}},"grafana_user":{"version":0,"block":{"attributes":{"email":{"type":"string","description":"The email address of the Grafana user.","description_kind":"markdown","required":true},"id":{"type":"string","description_kind":"plain","optional":true,"computed":true},"is_admin":{"type":"bool","description":"Whether to make user an admin. Defaults to `false`.","description_kind":"markdown","optional":true},"login":{"type":"string","description":"The username for the Grafana user.","description_kind":"markdown","optional":true},"name":{"type":"string","description":"The display name for the Grafana user.","description_kind":"markdown","optional":true},"password":{"type":"string","description":"The password for the Grafana user.","description_kind":"markdown","required":true,"sensitive":true},"user_id":{"type":"number","description":"The numerical ID of the Grafana user.","description_kind":"markdown","computed":true}},"description":"\n* [Official documentation](https://grafana.com/docs/grafana/latest/administration/user-management/server-user-management/)\n* [HTTP API](https://grafana.com/docs/grafana/latest/developers/http_api/user/)\n\nThis resource uses Grafana's admin APIs for creating and updating users which\ndoes not currently work with API Tokens. You must use basic auth.\n","description_kind":"markdown"}}},"data_source_schemas":{"grafana_cloud_ips":{"version":0,"block":{"attributes":{"hosted_alerts":{"type":["set","string"],"description":"Set of IP addresses that are used for hosted alerts.","description_kind":"markdown","computed":true},"hosted_grafana":{"type":["set","string"],"description":"Set of IP addresses that are used for hosted Grafana.","description_kind":"markdown","computed":true},"hosted_logs":{"type":["set","string"],"description":"Set of IP addresses that are used for hosted logs.","description_kind":"markdown","computed":true},"hosted_metrics":{"type":["set","string"],"description":"Set of IP addresses that are used for hosted metrics.","description_kind":"markdown","computed":true},"hosted_traces":{"type":["set","string"],"description":"Set of IP addresses that are used for hosted traces.","description_kind":"markdown","computed":true},"id":{"type":"string","description_kind":"plain","optional":true,"computed":true}},"description":"Data source for retrieving sets of cloud IPs. See https://grafana.com/docs/grafana-cloud/reference/allow-list/ for more info","description_kind":"markdown"}},"grafana_cloud_organization":{"version":0,"block":{"attributes":{"created_at":{"type":"string","description_kind":"plain","computed":true},"id":{"type":"string","description_kind":"plain","optional":true,"computed":true},"name":{"type":"string","description_kind":"plain","computed":true},"slug":{"type":"string","description_kind":"plain","optional":true,"computed":true},"updated_at":{"type":"string","description_kind":"plain","computed":true},"url":{"type":"string","description_kind":"plain","computed":true}},"description_kind":"plain"}},"grafana_cloud_stack":{"version":0,"block":{"attributes":{"alertmanager_name":{"type":"string","description":"Name of the Alertmanager instance configured for this stack.","description_kind":"markdown","computed":true},"alertmanager_status":{"type":"string","description":"Status of the Alertmanager instance configured for this stack.","description_kind":"markdown","computed":true},"alertmanager_url":{"type":"string","description":"Base URL of the Alertmanager instance configured for this stack.","description_kind":"markdown","computed":true},"alertmanager_user_id":{"type":"number","description":"User ID of the Alertmanager instance configured for this stack.","description_kind":"markdown","computed":true},"description":{"type":"string","description":"Description of stack.","description_kind":"markdown","computed":true},"graphite_name":{"type":"string","description_kind":"plain","computed":true},"graphite_status":{"type":"string","description_kind":"plain","computed":true},"graphite_url":{"type":"string","description_kind":"plain","computed":true},"graphite_user_id":{"type":"number","description_kind":"plain","computed":true},"id":{"type":"string","description":"The stack id assigned to this stack by Grafana.","description_kind":"markdown","computed":true},"logs_name":{"type":"string","description_kind":"plain","computed":true},"logs_status":{"type":"string","description_kind":"plain","computed":true},"logs_url":{"type":"string","description_kind":"plain","computed":true},"logs_user_id":{"type":"number","description_kind":"plain","computed":true},"name":{"type":"string","description":"Name of stack. Conventionally matches the url of the instance (e.g. “\u003cstack_slug\u003e.grafana.net”).","description_kind":"markdown","computed":true},"org_id":{"type":"number","description":"Organization id to assign to this stack.","description_kind":"markdown","computed":true},"org_name":{"type":"string","description":"Organization name to assign to this stack.","description_kind":"markdown","computed":true},"org_slug":{"type":"string","description":"Organization slug to assign to this stack.","description_kind":"markdown","computed":true},"prometheus_name":{"type":"string","description":"Prometheus name for this instance.","description_kind":"markdown","computed":true},"prometheus_remote_endpoint":{"type":"string","description":"Use this URL to query hosted metrics data e.g. Prometheus data source in Grafana","description_kind":"markdown","computed":true},"prometheus_remote_write_endpoint":{"type":"string","description":"Use this URL to send prometheus metrics to Grafana cloud","description_kind":"markdown","computed":true},"prometheus_status":{"type":"string","description":"Prometheus status for this instance.","description_kind":"markdown","computed":true},"prometheus_url":{"type":"string","description":"Prometheus url for this instance.","description_kind":"markdown","computed":true},"prometheus_user_id":{"type":"number","description":"Prometheus user ID. Used for e.g. remote_write.","description_kind":"markdown","computed":true},"region_slug":{"type":"string","description":"The region this stack is deployed to.","description_kind":"markdown","computed":true},"slug":{"type":"string","description":"Subdomain that the Grafana instance will be available at (i.e. setting slug to “\u003cstack_slug\u003e” will make the instance\navailable at “https://\u003cstack_slug\u003e.grafana.net\".","description_kind":"markdown","required":true},"status":{"type":"string","description":"Status of the stack.","description_kind":"markdown","computed":true},"traces_name":{"type":"string","description_kind":"plain","computed":true},"traces_status":{"type":"string","description_kind":"plain","computed":true},"traces_url":{"type":"string","description_kind":"plain","computed":true},"traces_user_id":{"type":"number","description_kind":"plain","computed":true},"url":{"type":"string","description":"Custom URL for the Grafana instance. Must have a CNAME setup to point to `.grafana.net` before creating the stack","description_kind":"markdown","computed":true}},"description":"Data source for Grafana Stack","description_kind":"markdown"}},"grafana_dashboard":{"version":1,"block":{"attributes":{"config_json":{"type":"string","description":"The complete dashboard model JSON.","description_kind":"markdown","computed":true},"dashboard_id":{"type":"number","description":"The numerical ID of the Grafana dashboard. Specify either this or `uid`. Defaults to `-1`.","description_kind":"markdown","optional":true},"folder":{"type":"number","description":"The numerical ID of the folder where the Grafana dashboard is found.","description_kind":"markdown","computed":true},"id":{"type":"string","description_kind":"plain","optional":true,"computed":true},"is_starred":{"type":"bool","description":"Whether or not the Grafana dashboard is starred. Starred Dashboards will show up on your own Home Dashboard by default, and are a convenient way to mark Dashboards that you’re interested in.","description_kind":"markdown","computed":true},"slug":{"type":"string","description":"URL slug of the dashboard (deprecated).","description_kind":"markdown","computed":true},"title":{"type":"string","description":"The title of the Grafana dashboard.","description_kind":"markdown","computed":true},"uid":{"type":"string","description":"The uid of the Grafana dashboard. Specify either this or `dashboard_id`. Defaults to ``.","description_kind":"markdown","optional":true},"url":{"type":"string","description":"The full URL of the dashboard.","description_kind":"markdown","computed":true},"version":{"type":"number","description":"The numerical version of the Grafana dashboard.","description_kind":"markdown","computed":true}},"description":"\n* [Official documentation](https://grafana.com/docs/grafana/latest/dashboards/)\n* [Folder/Dashboard Search HTTP API](https://grafana.com/docs/grafana/latest/developers/http_api/folder_dashboard_search/)\n* [Dashboard HTTP API](https://grafana.com/docs/grafana/latest/developers/http_api/dashboard/)\n","description_kind":"markdown"}},"grafana_dashboards":{"version":0,"block":{"attributes":{"dashboards":{"type":["list",["object",{"folder_title":"string","title":"string","uid":"string"}]],"description_kind":"plain","computed":true},"folder_ids":{"type":["list","number"],"description":"Numerical IDs of Grafana folders containing dashboards. Specify to filter for dashboards by folder (eg. `[0]` for General folder), or leave blank to get all dashboards in all folders.","description_kind":"markdown","optional":true},"id":{"type":"string","description_kind":"plain","optional":true,"computed":true},"limit":{"type":"number","description":"Maximum number of dashboard search results to return. Defaults to `5000`.","description_kind":"markdown","optional":true},"tags":{"type":["list","string"],"description":"List of string Grafana dashboard tags to search for, eg. `[\"prod\"]`. Used only as search input, i.e., attribute value will remain unchanged.","description_kind":"markdown","optional":true}},"description":"\nDatasource for retrieving all dashboards. Specify list of folder IDs to search in for dashboards.\n\n* [Official documentation](https://grafana.com/docs/grafana/latest/dashboards/)\n* [Folder/Dashboard Search HTTP API](https://grafana.com/docs/grafana/latest/developers/http_api/folder_dashboard_search/)\n* [Dashboard HTTP API](https://grafana.com/docs/grafana/latest/developers/http_api/dashboard/)\n","description_kind":"markdown"}},"grafana_data_source":{"version":1,"block":{"attributes":{"access_mode":{"type":"string","description":"The method by which Grafana will access the data source: `proxy` or `direct`.","description_kind":"markdown","computed":true},"basic_auth_enabled":{"type":"bool","description":"Whether to enable basic auth for the data source.","description_kind":"markdown","computed":true},"basic_auth_username":{"type":"string","description":"Basic auth username.","description_kind":"markdown","computed":true},"database_name":{"type":"string","description":"(Required by some data source types) The name of the database to use on the selected data source server.","description_kind":"markdown","computed":true},"id":{"type":"string","description_kind":"plain","optional":true,"computed":true},"is_default":{"type":"bool","description":"Whether to set the data source as default. This should only be `true` to a single data source.","description_kind":"markdown","computed":true},"json_data_encoded":{"type":"string","description":"Serialized JSON string containing the json data. This attribute can be used to pass configuration options to the data source. To figure out what options a datasource has available, see its docs or inspect the network data when saving it from the Grafana UI. Note that keys in this map are usually camelCased.","description_kind":"markdown","computed":true},"name":{"type":"string","description_kind":"plain","optional":true,"computed":true},"type":{"type":"string","description":"The data source type. Must be one of the supported data source keywords.","description_kind":"markdown","computed":true},"uid":{"type":"string","description_kind":"plain","optional":true,"computed":true},"url":{"type":"string","description":"The URL for the data source. The type of URL required varies depending on the chosen data source type.","description_kind":"markdown","computed":true},"username":{"type":"string","description":"(Required by some data source types) The username to use to authenticate to the data source.","description_kind":"markdown","computed":true}},"description":"Get details about a Grafana Datasource querying by either name, uid or ID","description_kind":"markdown"}},"grafana_folder":{"version":0,"block":{"attributes":{"id":{"type":"number","description":"The numerical ID of the Grafana folder.","description_kind":"markdown","computed":true},"title":{"type":"string","description":"The name of the Grafana folder.","description_kind":"markdown","required":true},"uid":{"type":"string","description":"The uid of the Grafana folder.","description_kind":"markdown","computed":true},"url":{"type":"string","description":"The full URL of the folder.","description_kind":"markdown","computed":true}},"description":"\n* [Official documentation](https://grafana.com/docs/grafana/latest/dashboards/manage-dashboards/)\n* [HTTP API](https://grafana.com/docs/grafana/latest/developers/http_api/folder/)\n","description_kind":"markdown"}},"grafana_folders":{"version":0,"block":{"attributes":{"folders":{"type":["set",["object",{"id":"number","title":"string","uid":"string","url":"string"}]],"description":"The Grafana instance's folders.","description_kind":"markdown","computed":true},"id":{"type":"string","description_kind":"plain","optional":true,"computed":true}},"description":"\n* [Official documentation](https://grafana.com/docs/grafana/latest/dashboards/manage-dashboards/)\n* [HTTP API](https://grafana.com/docs/grafana/latest/developers/http_api/folder/)\n","description_kind":"markdown"}},"grafana_library_panel":{"version":0,"block":{"attributes":{"created":{"type":"string","description":"Timestamp when the library panel was created.","description_kind":"markdown","computed":true},"dashboard_ids":{"type":["list","number"],"description":"Numerical IDs of Grafana dashboards containing the library panel.","description_kind":"markdown","computed":true},"description":{"type":"string","description":"Description of the library panel.","description_kind":"markdown","computed":true},"folder_id":{"type":"number","description":"ID of the folder where the library panel is stored.","description_kind":"markdown","computed":true},"folder_name":{"type":"string","description":"Name of the folder containing the library panel.","description_kind":"markdown","computed":true},"folder_uid":{"type":"string","description":"Unique ID (UID) of the folder containing the library panel.","description_kind":"markdown","computed":true},"id":{"type":"string","description_kind":"plain","optional":true,"computed":true},"model_json":{"type":"string","description":"The JSON model for the library panel.","description_kind":"markdown","computed":true},"name":{"type":"string","description":"Name of the library panel.","description_kind":"markdown","optional":true},"org_id":{"type":"string","description":"The Organization ID. If not set, the Org ID defined in the provider block will be used.","description_kind":"markdown","optional":true},"panel_id":{"type":"number","description":"The numeric ID of the library panel computed by Grafana.","description_kind":"markdown","computed":true},"type":{"type":"string","description":"Type of the library panel (eg. text).","description_kind":"markdown","computed":true},"uid":{"type":"string","description":"The unique identifier (UID) of the library panel.","description_kind":"markdown","optional":true},"updated":{"type":"string","description":"Timestamp when the library panel was last modified.","description_kind":"markdown","computed":true},"version":{"type":"number","description":"Version of the library panel.","description_kind":"markdown","computed":true}},"description":"Data source for retrieving a single library panel by name or uid.","description_kind":"markdown"}},"grafana_oncall_action":{"version":0,"block":{"attributes":{"id":{"type":"string","description_kind":"plain","optional":true,"computed":true},"name":{"type":"string","description":"The action name.","description_kind":"markdown","required":true}},"description":"\n**Note:** This data source is going to be deprecated, please use outgoing webhook data source instead.\n* [HTTP API](https://grafana.com/docs/grafana-cloud/oncall/oncall-api-reference/outgoing_webhooks/)\n","description_kind":"markdown","deprecated":true}},"grafana_oncall_escalation_chain":{"version":0,"block":{"attributes":{"id":{"type":"string","description_kind":"plain","optional":true,"computed":true},"name":{"type":"string","description":"The escalation chain name.","description_kind":"markdown","required":true}},"description":"\n* [HTTP API](https://grafana.com/docs/grafana-cloud/oncall/oncall-api-reference/escalation_chains/)\n","description_kind":"markdown"}},"grafana_oncall_outgoing_webhook":{"version":0,"block":{"attributes":{"id":{"type":"string","description_kind":"plain","optional":true,"computed":true},"name":{"type":"string","description":"The outgoing webhook name.","description_kind":"markdown","required":true}},"description":"\n* [HTTP API](https://grafana.com/docs/grafana-cloud/oncall/oncall-api-reference/outgoing_webhooks/)\n","description_kind":"markdown"}},"grafana_oncall_schedule":{"version":0,"block":{"attributes":{"id":{"type":"string","description_kind":"plain","optional":true,"computed":true},"name":{"type":"string","description":"The schedule name.","description_kind":"markdown","required":true},"type":{"type":"string","description":"The schedule type.","description_kind":"markdown","computed":true}},"description":"\n* [Official documentation](https://grafana.com/docs/grafana-cloud/oncall/calendar-schedules/)\n* [HTTP API](https://grafana.com/docs/grafana-cloud/oncall/oncall-api-reference/schedules/)\n","description_kind":"markdown"}},"grafana_oncall_slack_channel":{"version":0,"block":{"attributes":{"id":{"type":"string","description_kind":"plain","optional":true,"computed":true},"name":{"type":"string","description":"The Slack channel name.","description_kind":"markdown","required":true},"slack_id":{"type":"string","description":"The Slack ID of the channel.","description_kind":"markdown","computed":true}},"description":"\n* [HTTP API](https://grafana.com/docs/grafana-cloud/oncall/oncall-api-reference/slack_channels/)\n","description_kind":"markdown"}},"grafana_oncall_team":{"version":0,"block":{"attributes":{"avatar_url":{"type":"string","description_kind":"plain","computed":true},"email":{"type":"string","description_kind":"plain","computed":true},"id":{"type":"string","description_kind":"plain","optional":true,"computed":true},"name":{"type":"string","description":"The team name.","description_kind":"markdown","required":true}},"description_kind":"plain"}},"grafana_oncall_user":{"version":0,"block":{"attributes":{"email":{"type":"string","description":"The email of the user.","description_kind":"markdown","computed":true},"id":{"type":"string","description_kind":"plain","optional":true,"computed":true},"role":{"type":"string","description":"The role of the user.","description_kind":"markdown","computed":true},"username":{"type":"string","description":"The username of the user.","description_kind":"markdown","required":true}},"description":"\n* [HTTP API](https://grafana.com/docs/grafana-cloud/oncall/oncall-api-reference/users/)\n","description_kind":"markdown"}},"grafana_oncall_user_group":{"version":0,"block":{"attributes":{"id":{"type":"string","description_kind":"plain","optional":true,"computed":true},"slack_handle":{"type":"string","description_kind":"plain","required":true},"slack_id":{"type":"string","description_kind":"plain","computed":true}},"description":"\n* [HTTP API](https://grafana.com/docs/grafana-cloud/oncall/oncall-api-reference/user_groups/)\n","description_kind":"markdown"}},"grafana_organization":{"version":0,"block":{"attributes":{"admins":{"type":["set","string"],"description":"A list of email addresses corresponding to users given admin access to the organization.","description_kind":"markdown","computed":true},"editors":{"type":["set","string"],"description":"A list of email addresses corresponding to users given editor access to the organization.","description_kind":"markdown","computed":true},"id":{"type":"string","description_kind":"plain","optional":true,"computed":true},"name":{"type":"string","description":"The name of the Organization.","description_kind":"markdown","required":true},"viewers":{"type":["set","string"],"description":"A list of email addresses corresponding to users given viewer access to the organization.","description_kind":"markdown","computed":true}},"description":"\n* [Official documentation](https://grafana.com/docs/grafana/latest/administration/organization-management/)\n* [HTTP API](https://grafana.com/docs/grafana/latest/developers/http_api/org/)\n","description_kind":"markdown"}},"grafana_organization_preferences":{"version":0,"block":{"attributes":{"home_dashboard_id":{"type":"number","description":"The Organization home dashboard ID.","description_kind":"markdown","computed":true},"home_dashboard_uid":{"type":"string","description":"The Organization home dashboard UID. This is only available in Grafana 9.0+.","description_kind":"markdown","computed":true},"id":{"type":"string","description_kind":"plain","optional":true,"computed":true},"org_id":{"type":"string","description":"The Organization ID. If not set, the Org ID defined in the provider block will be used.","description_kind":"markdown","computed":true},"theme":{"type":"string","description":"The Organization theme. Available values are `light`, `dark`, or an empty string for the default.","description_kind":"markdown","computed":true},"timezone":{"type":"string","description":"The Organization timezone. Available values are `utc`, `browser`, or an empty string for the default.","description_kind":"markdown","computed":true},"week_start":{"type":"string","description":"The Organization week start.","description_kind":"markdown","computed":true}},"description":"\n* [Official documentation](https://grafana.com/docs/grafana/latest/administration/organization-management/)\n* [HTTP API](https://grafana.com/docs/grafana/latest/developers/http_api/preferences/#get-current-org-prefs)\n","description_kind":"markdown"}},"grafana_synthetic_monitoring_probe":{"version":0,"block":{"attributes":{"id":{"type":"string","description":"The ID of the probe.","description_kind":"markdown","computed":true},"labels":{"type":["map","string"],"description":"Custom labels to be included with collected metrics and logs.","description_kind":"markdown","computed":true},"latitude":{"type":"number","description":"Latitude coordinates.","description_kind":"markdown","computed":true},"longitude":{"type":"number","description":"Longitude coordinates.","description_kind":"markdown","computed":true},"name":{"type":"string","description":"Name of the probe.","description_kind":"markdown","required":true},"public":{"type":"bool","description":"Public probes are run by Grafana Labs and can be used by all users. Only Grafana Labs managed public probes will be set to `true`.","description_kind":"markdown","computed":true},"region":{"type":"string","description":"Region of the probe.","description_kind":"markdown","computed":true},"tenant_id":{"type":"number","description":"The tenant ID of the probe.","description_kind":"markdown","computed":true}},"description":"Data source for retrieving a single probe by name.","description_kind":"markdown"}},"grafana_synthetic_monitoring_probes":{"version":0,"block":{"attributes":{"filter_deprecated":{"type":"bool","description":"If true, only probes that are not deprecated will be returned. Defaults to `true`.","description_kind":"markdown","optional":true},"id":{"type":"string","description_kind":"plain","optional":true,"computed":true},"probes":{"type":["map","number"],"description":"Map of probes with their names as keys and IDs as values.","description_kind":"markdown","computed":true}},"description":"Data source for retrieving all probes.","description_kind":"markdown"}},"grafana_team":{"version":0,"block":{"attributes":{"id":{"type":"string","description_kind":"plain","optional":true,"computed":true},"name":{"type":"string","description":"The name of the Grafana team.","description_kind":"markdown","required":true}},"description":"\n* [Official documentation](https://grafana.com/docs/grafana/latest/administration/team-management/)\n* [HTTP API](https://grafana.com/docs/grafana/latest/developers/http_api/team/)\n","description_kind":"markdown"}},"grafana_user":{"version":0,"block":{"attributes":{"email":{"type":"string","description":"The email address of the Grafana user. Defaults to ``.","description_kind":"markdown","optional":true},"id":{"type":"string","description_kind":"plain","optional":true,"computed":true},"is_admin":{"type":"bool","description":"Whether the user is an admin.","description_kind":"markdown","computed":true},"login":{"type":"string","description":"The username for the Grafana user. Defaults to ``.","description_kind":"markdown","optional":true},"name":{"type":"string","description":"The display name for the Grafana user.","description_kind":"markdown","computed":true},"user_id":{"type":"number","description":"The numerical ID of the Grafana user. Defaults to `-1`.","description_kind":"markdown","optional":true}},"description":"\n* [Official documentation](https://grafana.com/docs/grafana/latest/administration/user-management/server-user-management/)\n* [HTTP API](https://grafana.com/docs/grafana/latest/developers/http_api/user/)\n\nThis data source uses Grafana's admin APIs for reading users which\ndoes not currently work with API Tokens. You must use basic auth.\n","description_kind":"markdown"}},"grafana_users":{"version":0,"block":{"attributes":{"id":{"type":"string","description_kind":"plain","optional":true,"computed":true},"users":{"type":["set",["object",{"email":"string","id":"number","is_admin":"bool","login":"string","name":"string"}]],"description":"The Grafana instance's users.","description_kind":"markdown","computed":true}},"description":"\n* [Official documentation](https://grafana.com/docs/grafana/latest/administration/user-management/server-user-management/)\n* [HTTP API](https://grafana.com/docs/grafana/latest/developers/http_api/user/)\n\t\t\nThis data source uses Grafana's admin APIs for reading users which\ndoes not currently work with API Tokens. You must use basic auth.\n\t\t","description_kind":"markdown"}}}}}}
